// !$*UTF8*$!
{
       archiveVersion = 1;
       classes = {
       };
       objectVersion = 46;
       objects = {

/* Begin PBXAggregateTarget section */
              063B677FAE644FC0BA9FB2CC /* ALL_BUILD */ = {
                     isa = PBXAggregateTarget;
                     buildConfigurationList = 251802DE97764B07B525EF38 /* Build configuration list for PBXAggregateTarget "ALL_BUILD" */;
                     buildPhases = (
                            4F023DAE57514CC38BD9AD06 /* CMake Rules */,
                     );
                     dependencies = (
                            0BE7DD5A94E94C3D8F741C4B /* PBXTargetDependency */,
                            CCE76EB1C4D94E33BD568AEE /* PBXTargetDependency */,
                     );
                     name = ALL_BUILD;
                     productName = ALL_BUILD;
              };
              30747E43E61C4BAC90340ECB /* ZERO_CHECK */ = {
                     isa = PBXAggregateTarget;
                     buildConfigurationList = 1D1C0797B072464C9C33D5AC /* Build configuration list for PBXAggregateTarget "ZERO_CHECK" */;
                     buildPhases = (
                            628CD203B34F4A36899D8165 /* CMake Rules */,
                     );
                     dependencies = (
                     );
                     name = ZERO_CHECK;
                     productName = ZERO_CHECK;
              };
/* End PBXAggregateTarget section */

/* Begin PBXBuildFile section */
0915E18B348544FAB55A4943 /* /Users/Brian/Dropbox/Magnate/CMakeLists.txt */ = {isa = PBXBuildFile; fileRef = 861B268CBB654D38BBF576F3 /* /Users/Brian/Dropbox/Magnate/CMakeLists.txt */; settings = { COMPILER_FLAGS = ""; }; };
9C57D4F686C9401AB4F94F33 /* /Users/Brian/Dropbox/Magnate/include/Atlas.h */ = {isa = PBXBuildFile; fileRef = F0C7D48B7DB04A8386BCAB69 /* /Users/Brian/Dropbox/Magnate/include/Atlas.h */; settings = { COMPILER_FLAGS = ""; }; };
7CA74D57ECEC46BDB65B1126 /* /Users/Brian/Dropbox/Magnate/include/Broadcaster.h */ = {isa = PBXBuildFile; fileRef = 28E95094B7824749AC753A33 /* /Users/Brian/Dropbox/Magnate/include/Broadcaster.h */; settings = { COMPILER_FLAGS = ""; }; };
435A93B61195472C9CAB2722 /* /Users/Brian/Dropbox/Magnate/include/Building.h */ = {isa = PBXBuildFile; fileRef = E908E0F71A984660ACD485CC /* /Users/Brian/Dropbox/Magnate/include/Building.h */; settings = { COMPILER_FLAGS = ""; }; };
A5F632BEBADF4F3F852B5F79 /* /Users/Brian/Dropbox/Magnate/include/Button.h */ = {isa = PBXBuildFile; fileRef = 4A8564DBEE2F4954819A632B /* /Users/Brian/Dropbox/Magnate/include/Button.h */; settings = { COMPILER_FLAGS = ""; }; };
13C82B6FBF6F4316827DEBCA /* /Users/Brian/Dropbox/Magnate/include/Camera.h */ = {isa = PBXBuildFile; fileRef = 7598FFA700BC4F4B977336B2 /* /Users/Brian/Dropbox/Magnate/include/Camera.h */; settings = { COMPILER_FLAGS = ""; }; };
5564971D353941ABBA36F086 /* /Users/Brian/Dropbox/Magnate/include/Component.h */ = {isa = PBXBuildFile; fileRef = 75981CE8C0C34D2FB4601ADB /* /Users/Brian/Dropbox/Magnate/include/Component.h */; settings = { COMPILER_FLAGS = ""; }; };
51E371617087489CB9263FB9 /* /Users/Brian/Dropbox/Magnate/include/Coord.h */ = {isa = PBXBuildFile; fileRef = 4861E46C0D6E4D33B6428C81 /* /Users/Brian/Dropbox/Magnate/include/Coord.h */; settings = { COMPILER_FLAGS = ""; }; };
78C85F7AE4174C3B998F01DA /* /Users/Brian/Dropbox/Magnate/include/DebugTools.h */ = {isa = PBXBuildFile; fileRef = 0F34BE2F5DB24405849B2138 /* /Users/Brian/Dropbox/Magnate/include/DebugTools.h */; settings = { COMPILER_FLAGS = ""; }; };
EC390D4C3E224F388143AFE6 /* /Users/Brian/Dropbox/Magnate/include/Draggable.h */ = {isa = PBXBuildFile; fileRef = 4A5B7901C2A041419A7AFE87 /* /Users/Brian/Dropbox/Magnate/include/Draggable.h */; settings = { COMPILER_FLAGS = ""; }; };
85DA1520800D4E8AA83714C0 /* /Users/Brian/Dropbox/Magnate/include/Erosion.h */ = {isa = PBXBuildFile; fileRef = 4F19E52ABD764636B868A949 /* /Users/Brian/Dropbox/Magnate/include/Erosion.h */; settings = { COMPILER_FLAGS = ""; }; };
B1AD33929505486DB443617C /* /Users/Brian/Dropbox/Magnate/include/Field.h */ = {isa = PBXBuildFile; fileRef = B3FA85C887D245C7A74F8179 /* /Users/Brian/Dropbox/Magnate/include/Field.h */; settings = { COMPILER_FLAGS = ""; }; };
EDED383E48CD43E0A8ACE779 /* /Users/Brian/Dropbox/Magnate/include/FileIO.h */ = {isa = PBXBuildFile; fileRef = 5393E4CE94F64324A485F4F8 /* /Users/Brian/Dropbox/Magnate/include/FileIO.h */; settings = { COMPILER_FLAGS = ""; }; };
BAFD983C246442E98E2186D3 /* /Users/Brian/Dropbox/Magnate/include/GUI.h */ = {isa = PBXBuildFile; fileRef = F6C53759C740481B98B0CD2C /* /Users/Brian/Dropbox/Magnate/include/GUI.h */; settings = { COMPILER_FLAGS = ""; }; };
56CCD5F37A8D4A9F978644EA /* /Users/Brian/Dropbox/Magnate/include/Game.h */ = {isa = PBXBuildFile; fileRef = DCAE7EADCF1346E6A2F9C1EE /* /Users/Brian/Dropbox/Magnate/include/Game.h */; settings = { COMPILER_FLAGS = ""; }; };
F53AB7F4C186446A86BAA37F /* /Users/Brian/Dropbox/Magnate/include/GenTypes.h */ = {isa = PBXBuildFile; fileRef = F406C27BD4AA4C5FBC05B57D /* /Users/Brian/Dropbox/Magnate/include/GenTypes.h */; settings = { COMPILER_FLAGS = ""; }; };
828E76245B1B4475B48AAF8E /* /Users/Brian/Dropbox/Magnate/include/GlmHeaders.h */ = {isa = PBXBuildFile; fileRef = 10F9F971BBB84E00ABFDEE1F /* /Users/Brian/Dropbox/Magnate/include/GlmHeaders.h */; settings = { COMPILER_FLAGS = ""; }; };
D8F773790C07489DBF3AEBEC /* /Users/Brian/Dropbox/Magnate/include/GlobalConfig.h */ = {isa = PBXBuildFile; fileRef = 20AED7472F7941869174D724 /* /Users/Brian/Dropbox/Magnate/include/GlobalConfig.h */; settings = { COMPILER_FLAGS = ""; }; };
E573D3B3C6284074AA5CFA06 /* /Users/Brian/Dropbox/Magnate/include/Heightmap.h */ = {isa = PBXBuildFile; fileRef = 618A2297EEC343D3BDBADD50 /* /Users/Brian/Dropbox/Magnate/include/Heightmap.h */; settings = { COMPILER_FLAGS = ""; }; };
B2C0FD3AA89C4C958CC0FA63 /* /Users/Brian/Dropbox/Magnate/include/ImmediateDraw.h */ = {isa = PBXBuildFile; fileRef = 2FC4F5AEF82149288C3120C4 /* /Users/Brian/Dropbox/Magnate/include/ImmediateDraw.h */; settings = { COMPILER_FLAGS = ""; }; };
5A1EE17C9BA84426AE743EF6 /* /Users/Brian/Dropbox/Magnate/include/Input.h */ = {isa = PBXBuildFile; fileRef = C8A04CC1785240E1BE28AFDE /* /Users/Brian/Dropbox/Magnate/include/Input.h */; settings = { COMPILER_FLAGS = ""; }; };
EBFD6EDC4C264700B92DF7C5 /* /Users/Brian/Dropbox/Magnate/include/Label.h */ = {isa = PBXBuildFile; fileRef = D26B280A10234EA0B33009D7 /* /Users/Brian/Dropbox/Magnate/include/Label.h */; settings = { COMPILER_FLAGS = ""; }; };
E8503E67A6F54D4187EB8F39 /* /Users/Brian/Dropbox/Magnate/include/LinAlg.h */ = {isa = PBXBuildFile; fileRef = 714465ED015A42A4ADC56665 /* /Users/Brian/Dropbox/Magnate/include/LinAlg.h */; settings = { COMPILER_FLAGS = ""; }; };
D2AAE949CE64426FAEE0D30D /* /Users/Brian/Dropbox/Magnate/include/Menus.h */ = {isa = PBXBuildFile; fileRef = 1CB3C0DFA2B44500B557EBD4 /* /Users/Brian/Dropbox/Magnate/include/Menus.h */; settings = { COMPILER_FLAGS = ""; }; };
704A342BA2AA4A1BBCC353F2 /* /Users/Brian/Dropbox/Magnate/include/Mesh.h */ = {isa = PBXBuildFile; fileRef = C8C2306AB67D46B4892CA304 /* /Users/Brian/Dropbox/Magnate/include/Mesh.h */; settings = { COMPILER_FLAGS = ""; }; };
CCA840BC84A54672A5C4BAA5 /* /Users/Brian/Dropbox/Magnate/include/Minimap.h */ = {isa = PBXBuildFile; fileRef = 543A59B33E004E6197A6774F /* /Users/Brian/Dropbox/Magnate/include/Minimap.h */; settings = { COMPILER_FLAGS = ""; }; };
D4589C856C014831B20E87F4 /* /Users/Brian/Dropbox/Magnate/include/Models.h */ = {isa = PBXBuildFile; fileRef = C7BEAE27C11A447DABF6FEEF /* /Users/Brian/Dropbox/Magnate/include/Models.h */; settings = { COMPILER_FLAGS = ""; }; };
6F8184F75DE34509B649849D /* /Users/Brian/Dropbox/Magnate/include/MultiSelect.h */ = {isa = PBXBuildFile; fileRef = D2942AA758B34D258B43BAF9 /* /Users/Brian/Dropbox/Magnate/include/MultiSelect.h */; settings = { COMPILER_FLAGS = ""; }; };
81B4F06442F9479BADE9A922 /* /Users/Brian/Dropbox/Magnate/include/RandomUtils.h */ = {isa = PBXBuildFile; fileRef = 66D9867099F24652BC5C4E92 /* /Users/Brian/Dropbox/Magnate/include/RandomUtils.h */; settings = { COMPILER_FLAGS = ""; }; };
00792C5C26014F438AC995D4 /* /Users/Brian/Dropbox/Magnate/include/Renderer.h */ = {isa = PBXBuildFile; fileRef = 13F87FDAE7744BFDA7746F45 /* /Users/Brian/Dropbox/Magnate/include/Renderer.h */; settings = { COMPILER_FLAGS = ""; }; };
6014DCE2C8404D6D887801BD /* /Users/Brian/Dropbox/Magnate/include/SaveManager.h */ = {isa = PBXBuildFile; fileRef = 6A347F7D565A4DC2A6611E91 /* /Users/Brian/Dropbox/Magnate/include/SaveManager.h */; settings = { COMPILER_FLAGS = ""; }; };
D0968259F90540A18C32807B /* /Users/Brian/Dropbox/Magnate/include/Scene.h */ = {isa = PBXBuildFile; fileRef = 00E1A4956EC445B2ADD1382D /* /Users/Brian/Dropbox/Magnate/include/Scene.h */; settings = { COMPILER_FLAGS = ""; }; };
64821791B97E42C5B3B075D9 /* /Users/Brian/Dropbox/Magnate/include/ScrollBlock.h */ = {isa = PBXBuildFile; fileRef = 77E41FC1AA684379AD2CCD6A /* /Users/Brian/Dropbox/Magnate/include/ScrollBlock.h */; settings = { COMPILER_FLAGS = ""; }; };
72AB1BCB935B4861BB85D22E /* /Users/Brian/Dropbox/Magnate/include/SdlHeaders.h */ = {isa = PBXBuildFile; fileRef = 359F4A06F75042C4B68B8344 /* /Users/Brian/Dropbox/Magnate/include/SdlHeaders.h */; settings = { COMPILER_FLAGS = ""; }; };
D44D62B1D7B547BB87E4175D /* /Users/Brian/Dropbox/Magnate/include/Shaders.h */ = {isa = PBXBuildFile; fileRef = 7309D0FE847746318DF3D1FF /* /Users/Brian/Dropbox/Magnate/include/Shaders.h */; settings = { COMPILER_FLAGS = ""; }; };
A925197AE1C64BCEA4318B26 /* /Users/Brian/Dropbox/Magnate/include/Terrain.h */ = {isa = PBXBuildFile; fileRef = 83A9AC68681843B78E8E7FC0 /* /Users/Brian/Dropbox/Magnate/include/Terrain.h */; settings = { COMPILER_FLAGS = ""; }; };
C9C72CA8F08149FE8B8CCD59 /* /Users/Brian/Dropbox/Magnate/include/TerrainGen.h */ = {isa = PBXBuildFile; fileRef = 47025760A8F841C2B57885FE /* /Users/Brian/Dropbox/Magnate/include/TerrainGen.h */; settings = { COMPILER_FLAGS = ""; }; };
1D6635A813CF4CFDA3060606 /* /Users/Brian/Dropbox/Magnate/include/TexGen.h */ = {isa = PBXBuildFile; fileRef = D8B35171BC6741E6AB665164 /* /Users/Brian/Dropbox/Magnate/include/TexGen.h */; settings = { COMPILER_FLAGS = ""; }; };
7ECFDEB0987046939C4028F7 /* /Users/Brian/Dropbox/Magnate/include/TexManager.h */ = {isa = PBXBuildFile; fileRef = 8027560375BA4957B9D15759 /* /Users/Brian/Dropbox/Magnate/include/TexManager.h */; settings = { COMPILER_FLAGS = ""; }; };
241C45216B554692A026EE40 /* /Users/Brian/Dropbox/Magnate/include/Topo.h */ = {isa = PBXBuildFile; fileRef = 6C0AB202A6EB48CEA8F4C408 /* /Users/Brian/Dropbox/Magnate/include/Topo.h */; settings = { COMPILER_FLAGS = ""; }; };
3712C3613EC54D8CA32C8A42 /* /Users/Brian/Dropbox/Magnate/include/UIRenderer.h */ = {isa = PBXBuildFile; fileRef = B4445EECC5E049EDB227AAFD /* /Users/Brian/Dropbox/Magnate/include/UIRenderer.h */; settings = { COMPILER_FLAGS = ""; }; };
B95D6D844A1B4AB7BF68C6D7 /* /Users/Brian/Dropbox/Magnate/include/VBO.h */ = {isa = PBXBuildFile; fileRef = 128F2980C3A545D9B6544A6D /* /Users/Brian/Dropbox/Magnate/include/VBO.h */; settings = { COMPILER_FLAGS = ""; }; };
E286548AE3AE49C5922367C8 /* /Users/Brian/Dropbox/Magnate/include/Watershed.h */ = {isa = PBXBuildFile; fileRef = C4A8654917C243E5BEE2F284 /* /Users/Brian/Dropbox/Magnate/include/Watershed.h */; settings = { COMPILER_FLAGS = ""; }; };
29EA25C66C12484DBFC62B3E /* /Users/Brian/Dropbox/Magnate/include/Window.h */ = {isa = PBXBuildFile; fileRef = FE3D02882A644062B13B4710 /* /Users/Brian/Dropbox/Magnate/include/Window.h */; settings = { COMPILER_FLAGS = ""; }; };
DB543A471DB845AF85AC4FC9 /* /Users/Brian/Dropbox/Magnate/include/World.h */ = {isa = PBXBuildFile; fileRef = 1599FD5864AA41CEB2FD93F6 /* /Users/Brian/Dropbox/Magnate/include/World.h */; settings = { COMPILER_FLAGS = ""; }; };
909AD3BE0CE24CB5A01A5B0D /* /Users/Brian/Dropbox/Magnate/include/WorldRenderer.h */ = {isa = PBXBuildFile; fileRef = E0198D92AEC04F90AE8B1922 /* /Users/Brian/Dropbox/Magnate/include/WorldRenderer.h */; settings = { COMPILER_FLAGS = ""; }; };
D29B4C8C505D4E6D8A74A33E /* /Users/Brian/Dropbox/Magnate/src/Atlas.cpp */ = {isa = PBXBuildFile; fileRef = F7AA21E6A94C4825977B9591 /* /Users/Brian/Dropbox/Magnate/src/Atlas.cpp */; settings = { COMPILER_FLAGS = ""; }; };
DBA45B1497E445C78C4EE8BD /* /Users/Brian/Dropbox/Magnate/src/Building.cpp */ = {isa = PBXBuildFile; fileRef = 4BECF690083446F6B29DE250 /* /Users/Brian/Dropbox/Magnate/src/Building.cpp */; settings = { COMPILER_FLAGS = ""; }; };
A06787E4C531408DA106B0DB /* /Users/Brian/Dropbox/Magnate/src/Button.cpp */ = {isa = PBXBuildFile; fileRef = CE34EB218FEB4C2F91F2AC1A /* /Users/Brian/Dropbox/Magnate/src/Button.cpp */; settings = { COMPILER_FLAGS = ""; }; };
7D14ACD8D8954E67A22C2C66 /* /Users/Brian/Dropbox/Magnate/src/Camera.cpp */ = {isa = PBXBuildFile; fileRef = 933B72D820F24F29AE5BF5C9 /* /Users/Brian/Dropbox/Magnate/src/Camera.cpp */; settings = { COMPILER_FLAGS = ""; }; };
F3025715F9314696B2B7A95D /* /Users/Brian/Dropbox/Magnate/src/Component.cpp */ = {isa = PBXBuildFile; fileRef = C4C6140A83AB427D89EDB47B /* /Users/Brian/Dropbox/Magnate/src/Component.cpp */; settings = { COMPILER_FLAGS = ""; }; };
E4FCEDDEE76B41FE9675A310 /* /Users/Brian/Dropbox/Magnate/src/Coord.cpp */ = {isa = PBXBuildFile; fileRef = 0E384B1B4064477F92821E3A /* /Users/Brian/Dropbox/Magnate/src/Coord.cpp */; settings = { COMPILER_FLAGS = ""; }; };
596ADC873BCF473F87746930 /* /Users/Brian/Dropbox/Magnate/src/Draggable.cpp */ = {isa = PBXBuildFile; fileRef = 41CFF4743718472AA726D6AB /* /Users/Brian/Dropbox/Magnate/src/Draggable.cpp */; settings = { COMPILER_FLAGS = ""; }; };
77A8FC4DA4AB4D779E5F8D15 /* /Users/Brian/Dropbox/Magnate/src/Erosion.cpp */ = {isa = PBXBuildFile; fileRef = 6DD894C92E1D4AD1BBFC99D1 /* /Users/Brian/Dropbox/Magnate/src/Erosion.cpp */; settings = { COMPILER_FLAGS = ""; }; };
0B2035EEAD584F8B9B662301 /* /Users/Brian/Dropbox/Magnate/src/Field.cpp */ = {isa = PBXBuildFile; fileRef = FF7C714481AB4DE9B6FE5A57 /* /Users/Brian/Dropbox/Magnate/src/Field.cpp */; settings = { COMPILER_FLAGS = ""; }; };
CC2D819EECFE4F7A904D1E25 /* /Users/Brian/Dropbox/Magnate/src/FileIO.cpp */ = {isa = PBXBuildFile; fileRef = 1AF8361FC46B42B08776BB05 /* /Users/Brian/Dropbox/Magnate/src/FileIO.cpp */; settings = { COMPILER_FLAGS = ""; }; };
0ED3D6AF2E5C40C6992EEEFE /* /Users/Brian/Dropbox/Magnate/src/GUI.cpp */ = {isa = PBXBuildFile; fileRef = 142EBCB3584240A28759B3F7 /* /Users/Brian/Dropbox/Magnate/src/GUI.cpp */; settings = { COMPILER_FLAGS = ""; }; };
71F446888B5F4976AE8C2766 /* /Users/Brian/Dropbox/Magnate/src/Game.cpp */ = {isa = PBXBuildFile; fileRef = AC8D5EBFE26640669084FE26 /* /Users/Brian/Dropbox/Magnate/src/Game.cpp */; settings = { COMPILER_FLAGS = ""; }; };
F9C08EF3CC9248EDA550A8A0 /* /Users/Brian/Dropbox/Magnate/src/GenTypes.cpp */ = {isa = PBXBuildFile; fileRef = A424533573FF4641AFDC7A9D /* /Users/Brian/Dropbox/Magnate/src/GenTypes.cpp */; settings = { COMPILER_FLAGS = ""; }; };
CCCC5B59FEAF4D8AA2D90118 /* /Users/Brian/Dropbox/Magnate/src/GlmHeaders.cpp */ = {isa = PBXBuildFile; fileRef = EB03A7C3638F43D1A6B005EB /* /Users/Brian/Dropbox/Magnate/src/GlmHeaders.cpp */; settings = { COMPILER_FLAGS = ""; }; };
32A01988AA3D4478A5DE1B4E /* /Users/Brian/Dropbox/Magnate/src/GlobalConfig.cpp */ = {isa = PBXBuildFile; fileRef = 1EE12B183A6644EF81CA3B4A /* /Users/Brian/Dropbox/Magnate/src/GlobalConfig.cpp */; settings = { COMPILER_FLAGS = ""; }; };
291CE6D3184A43A0972DD66E /* /Users/Brian/Dropbox/Magnate/src/Heightmap.cpp */ = {isa = PBXBuildFile; fileRef = 69FA1E225FAF49678D68F88C /* /Users/Brian/Dropbox/Magnate/src/Heightmap.cpp */; settings = { COMPILER_FLAGS = ""; }; };
94277D4C5FB242318A65A637 /* /Users/Brian/Dropbox/Magnate/src/ImmediateDraw.cpp */ = {isa = PBXBuildFile; fileRef = E709B004B64F48FAB97810EB /* /Users/Brian/Dropbox/Magnate/src/ImmediateDraw.cpp */; settings = { COMPILER_FLAGS = ""; }; };
936C448FE1AE45B7BBE32829 /* /Users/Brian/Dropbox/Magnate/src/Input.cpp */ = {isa = PBXBuildFile; fileRef = FCE1F9AB4AD04E8790DA24B8 /* /Users/Brian/Dropbox/Magnate/src/Input.cpp */; settings = { COMPILER_FLAGS = ""; }; };
1E601AC41D1646E7B508EEA4 /* /Users/Brian/Dropbox/Magnate/src/Label.cpp */ = {isa = PBXBuildFile; fileRef = 3098AB8788BF4984AE192FFD /* /Users/Brian/Dropbox/Magnate/src/Label.cpp */; settings = { COMPILER_FLAGS = ""; }; };
0DD5B6AAC03E4AD39EB47F64 /* /Users/Brian/Dropbox/Magnate/src/LinAlg.cpp */ = {isa = PBXBuildFile; fileRef = F3E94E2B84104D53908E9017 /* /Users/Brian/Dropbox/Magnate/src/LinAlg.cpp */; settings = { COMPILER_FLAGS = ""; }; };
1F90CCD19E734E6897124B04 /* /Users/Brian/Dropbox/Magnate/src/Menus.cpp */ = {isa = PBXBuildFile; fileRef = E1188D1EB592497889A51DEA /* /Users/Brian/Dropbox/Magnate/src/Menus.cpp */; settings = { COMPILER_FLAGS = ""; }; };
2CD74587F6D842889CE9C4E6 /* /Users/Brian/Dropbox/Magnate/src/Mesh.cpp */ = {isa = PBXBuildFile; fileRef = 614B03BB3719485A8D40AF1F /* /Users/Brian/Dropbox/Magnate/src/Mesh.cpp */; settings = { COMPILER_FLAGS = ""; }; };
DC49F4CBD0204346862AA9E8 /* /Users/Brian/Dropbox/Magnate/src/Minimap.cpp */ = {isa = PBXBuildFile; fileRef = CFCD05A484C4413AB68331B2 /* /Users/Brian/Dropbox/Magnate/src/Minimap.cpp */; settings = { COMPILER_FLAGS = ""; }; };
C0D0683488DF47388501A21B /* /Users/Brian/Dropbox/Magnate/src/Models.cpp */ = {isa = PBXBuildFile; fileRef = F5E629D7D6D74ADE90CB3B9C /* /Users/Brian/Dropbox/Magnate/src/Models.cpp */; settings = { COMPILER_FLAGS = ""; }; };
D7ECB7997DC14462BA2FE5F8 /* /Users/Brian/Dropbox/Magnate/src/MultiSelect.cpp */ = {isa = PBXBuildFile; fileRef = DA72F04894864420AE223E0E /* /Users/Brian/Dropbox/Magnate/src/MultiSelect.cpp */; settings = { COMPILER_FLAGS = ""; }; };
15AA4A69B99946D9AC35E986 /* /Users/Brian/Dropbox/Magnate/src/RandomUtils.cpp */ = {isa = PBXBuildFile; fileRef = 4FE834368BED4B069344E144 /* /Users/Brian/Dropbox/Magnate/src/RandomUtils.cpp */; settings = { COMPILER_FLAGS = ""; }; };
CF47F586EEA047D8968EACE4 /* /Users/Brian/Dropbox/Magnate/src/Renderer.cpp */ = {isa = PBXBuildFile; fileRef = A581907799E040F69F208C94 /* /Users/Brian/Dropbox/Magnate/src/Renderer.cpp */; settings = { COMPILER_FLAGS = ""; }; };
7EA73FDD60894193A3B5137B /* /Users/Brian/Dropbox/Magnate/src/SaveManager.cpp */ = {isa = PBXBuildFile; fileRef = 9101FE268B4845E98F067A7E /* /Users/Brian/Dropbox/Magnate/src/SaveManager.cpp */; settings = { COMPILER_FLAGS = ""; }; };
79858929EA744EDE91FA2245 /* /Users/Brian/Dropbox/Magnate/src/Scene.cpp */ = {isa = PBXBuildFile; fileRef = 576E7D58F0704FA2BDEAF498 /* /Users/Brian/Dropbox/Magnate/src/Scene.cpp */; settings = { COMPILER_FLAGS = ""; }; };
E9B2BB1411C0418A9263F751 /* /Users/Brian/Dropbox/Magnate/src/ScrollBlock.cpp */ = {isa = PBXBuildFile; fileRef = C8525584AF1C477AB1C3852C /* /Users/Brian/Dropbox/Magnate/src/ScrollBlock.cpp */; settings = { COMPILER_FLAGS = ""; }; };
0D20E152AF4E4813B0CC581D /* /Users/Brian/Dropbox/Magnate/src/Shaders.cpp */ = {isa = PBXBuildFile; fileRef = C4EBE526BAFB4D65891CB45E /* /Users/Brian/Dropbox/Magnate/src/Shaders.cpp */; settings = { COMPILER_FLAGS = ""; }; };
259F5DA6E08B494F9CCFC944 /* /Users/Brian/Dropbox/Magnate/src/Terrain.cpp */ = {isa = PBXBuildFile; fileRef = 9284D9980686437FBEB165AB /* /Users/Brian/Dropbox/Magnate/src/Terrain.cpp */; settings = { COMPILER_FLAGS = ""; }; };
D0227C3C8CA141EB92019797 /* /Users/Brian/Dropbox/Magnate/src/TerrainGen.cpp */ = {isa = PBXBuildFile; fileRef = 6C6539693DF14EF384A5BBD7 /* /Users/Brian/Dropbox/Magnate/src/TerrainGen.cpp */; settings = { COMPILER_FLAGS = ""; }; };
65A519140E204EBFB7097BE5 /* /Users/Brian/Dropbox/Magnate/src/TexGen.cpp */ = {isa = PBXBuildFile; fileRef = 6779AFE4B85A41AFB7BBECA9 /* /Users/Brian/Dropbox/Magnate/src/TexGen.cpp */; settings = { COMPILER_FLAGS = ""; }; };
840E1B3139F24477AD06CCD7 /* /Users/Brian/Dropbox/Magnate/src/TexManager.cpp */ = {isa = PBXBuildFile; fileRef = C258699B4E084F5A8465EE29 /* /Users/Brian/Dropbox/Magnate/src/TexManager.cpp */; settings = { COMPILER_FLAGS = ""; }; };
B4E6504FB71543A49C0FD6E7 /* /Users/Brian/Dropbox/Magnate/src/Topo.cpp */ = {isa = PBXBuildFile; fileRef = EF5F88F5117E456AA2E9D8D8 /* /Users/Brian/Dropbox/Magnate/src/Topo.cpp */; settings = { COMPILER_FLAGS = ""; }; };
FBCEEE5BF83C43AE8095CB1C /* /Users/Brian/Dropbox/Magnate/src/UIRenderer.cpp */ = {isa = PBXBuildFile; fileRef = 5B9144F5546749C5800976C4 /* /Users/Brian/Dropbox/Magnate/src/UIRenderer.cpp */; settings = { COMPILER_FLAGS = ""; }; };
2CDA540A39CD48D48A2A085C /* /Users/Brian/Dropbox/Magnate/src/VBO.cpp */ = {isa = PBXBuildFile; fileRef = B2666BCB039B4EF3BBA9245D /* /Users/Brian/Dropbox/Magnate/src/VBO.cpp */; settings = { COMPILER_FLAGS = ""; }; };
56A30E4F5211415A8E09D717 /* /Users/Brian/Dropbox/Magnate/src/Watershed.cpp */ = {isa = PBXBuildFile; fileRef = C7CC98B7C53F4E0DA3C3DDB7 /* /Users/Brian/Dropbox/Magnate/src/Watershed.cpp */; settings = { COMPILER_FLAGS = ""; }; };
61A4E8BAB38B4CE6BEFA0B4B /* /Users/Brian/Dropbox/Magnate/src/Window.cpp */ = {isa = PBXBuildFile; fileRef = 6D122FD4FF82485D835A1C51 /* /Users/Brian/Dropbox/Magnate/src/Window.cpp */; settings = { COMPILER_FLAGS = ""; }; };
36D43FB90549442D81C117F2 /* /Users/Brian/Dropbox/Magnate/src/World.cpp */ = {isa = PBXBuildFile; fileRef = CD4B43CD4BC74546B72F545F /* /Users/Brian/Dropbox/Magnate/src/World.cpp */; settings = { COMPILER_FLAGS = ""; }; };
B94BA93FBC39419592B6CC80 /* /Users/Brian/Dropbox/Magnate/src/WorldRenderer.cpp */ = {isa = PBXBuildFile; fileRef = 26F3D350B1B8431680664BD3 /* /Users/Brian/Dropbox/Magnate/src/WorldRenderer.cpp */; settings = { COMPILER_FLAGS = ""; }; };
DA1BC71731A2440CBC100750 /* /Users/Brian/Dropbox/Magnate/src/main.cpp */ = {isa = PBXBuildFile; fileRef = 38AFAC68D5394BDFB4053F53 /* /Users/Brian/Dropbox/Magnate/src/main.cpp */; settings = { COMPILER_FLAGS = ""; }; };
/* End PBXBuildFile section */

/* Begin PBXBuildStyle section */
              337D697C915040D5A1A29723 /*  */ = {
                     isa = PBXBuildStyle;
              };
              144A683502C241C486253577 /* Debug */ = {
                     isa = PBXBuildStyle;
                     buildSettings = {
                            COPY_PHASE_STRIP = NO;
                     };
                     name = Debug;
              };
              79114868571E453FBDC672A6 /* Release */ = {
                     isa = PBXBuildStyle;
                     buildSettings = {
                            COPY_PHASE_STRIP = NO;
                     };
                     name = Release;
              };
              6EDBFE98B8964DADA3E18E14 /* MinSizeRel */ = {
                     isa = PBXBuildStyle;
                     buildSettings = {
                            COPY_PHASE_STRIP = NO;
                     };
                     name = MinSizeRel;
              };
              39DC5FCB438F4B0B9A0B11F9 /* RelWithDebInfo */ = {
                     isa = PBXBuildStyle;
                     buildSettings = {
                            COPY_PHASE_STRIP = NO;
                     };
                     name = RelWithDebInfo;
              };
/* End PBXBuildStyle section */

/* Begin PBXContainerItemProxy section */
              A5BADEA5C0D2402982007741 /* PBXContainerItemProxy */ = {
                     isa = PBXContainerItemProxy;
                     containerPortal = AE1800FB659F4B87A0ECE084 /* Project object */;
                     proxyType = 1;
                     remoteGlobalIDString = BA90EB866FFB4869B9F86555;
                     remoteInfo = Magnate;
              };
              56AA2EE83A2D41DBB22BB2DE /* PBXContainerItemProxy */ = {
                     isa = PBXContainerItemProxy;
                     containerPortal = AE1800FB659F4B87A0ECE084 /* Project object */;
                     proxyType = 1;
                     remoteGlobalIDString = 30747E43E61C4BAC90340ECB;
                     remoteInfo = ZERO_CHECK;
              };
              C31EBC7B1DD14745863D0A80 /* PBXContainerItemProxy */ = {
                     isa = PBXContainerItemProxy;
                     containerPortal = AE1800FB659F4B87A0ECE084 /* Project object */;
                     proxyType = 1;
                     remoteGlobalIDString = 30747E43E61C4BAC90340ECB;
                     remoteInfo = ZERO_CHECK;
              };
/* End PBXContainerItemProxy section */

/* Begin PBXFileReference section */
911CB3BF2E0F4B1589DFD89A /* /Users/Brian/Dropbox/Magnate/CMakeLists.txt */ = {isa = PBXFileReference; explicitFileType = "sourcecode.text"; fileEncoding = 4; name = "CMakeLists.txt"; path = "CMakeLists.txt"; sourceTree = SOURCE_ROOT; };
861B268CBB654D38BBF576F3 /* /Users/Brian/Dropbox/Magnate/CMakeLists.txt */ = {isa = PBXFileReference; explicitFileType = "sourcecode.text"; fileEncoding = 4; name = "CMakeLists.txt"; path = "CMakeLists.txt"; sourceTree = SOURCE_ROOT; };
F0C7D48B7DB04A8386BCAB69 /* /Users/Brian/Dropbox/Magnate/include/Atlas.h */ = {isa = PBXFileReference; explicitFileType = "sourcecode.c.h"; fileEncoding = 4; name = "Atlas.h"; path = "include/Atlas.h"; sourceTree = SOURCE_ROOT; };
28E95094B7824749AC753A33 /* /Users/Brian/Dropbox/Magnate/include/Broadcaster.h */ = {isa = PBXFileReference; explicitFileType = "sourcecode.c.h"; fileEncoding = 4; name = "Broadcaster.h"; path = "include/Broadcaster.h"; sourceTree = SOURCE_ROOT; };
E908E0F71A984660ACD485CC /* /Users/Brian/Dropbox/Magnate/include/Building.h */ = {isa = PBXFileReference; explicitFileType = "sourcecode.c.h"; fileEncoding = 4; name = "Building.h"; path = "include/Building.h"; sourceTree = SOURCE_ROOT; };
4A8564DBEE2F4954819A632B /* /Users/Brian/Dropbox/Magnate/include/Button.h */ = {isa = PBXFileReference; explicitFileType = "sourcecode.c.h"; fileEncoding = 4; name = "Button.h"; path = "include/Button.h"; sourceTree = SOURCE_ROOT; };
7598FFA700BC4F4B977336B2 /* /Users/Brian/Dropbox/Magnate/include/Camera.h */ = {isa = PBXFileReference; explicitFileType = "sourcecode.c.h"; fileEncoding = 4; name = "Camera.h"; path = "include/Camera.h"; sourceTree = SOURCE_ROOT; };
75981CE8C0C34D2FB4601ADB /* /Users/Brian/Dropbox/Magnate/include/Component.h */ = {isa = PBXFileReference; explicitFileType = "sourcecode.c.h"; fileEncoding = 4; name = "Component.h"; path = "include/Component.h"; sourceTree = SOURCE_ROOT; };
4861E46C0D6E4D33B6428C81 /* /Users/Brian/Dropbox/Magnate/include/Coord.h */ = {isa = PBXFileReference; explicitFileType = "sourcecode.c.h"; fileEncoding = 4; name = "Coord.h"; path = "include/Coord.h"; sourceTree = SOURCE_ROOT; };
0F34BE2F5DB24405849B2138 /* /Users/Brian/Dropbox/Magnate/include/DebugTools.h */ = {isa = PBXFileReference; explicitFileType = "sourcecode.c.h"; fileEncoding = 4; name = "DebugTools.h"; path = "include/DebugTools.h"; sourceTree = SOURCE_ROOT; };
4A5B7901C2A041419A7AFE87 /* /Users/Brian/Dropbox/Magnate/include/Draggable.h */ = {isa = PBXFileReference; explicitFileType = "sourcecode.c.h"; fileEncoding = 4; name = "Draggable.h"; path = "include/Draggable.h"; sourceTree = SOURCE_ROOT; };
4F19E52ABD764636B868A949 /* /Users/Brian/Dropbox/Magnate/include/Erosion.h */ = {isa = PBXFileReference; explicitFileType = "sourcecode.c.h"; fileEncoding = 4; name = "Erosion.h"; path = "include/Erosion.h"; sourceTree = SOURCE_ROOT; };
B3FA85C887D245C7A74F8179 /* /Users/Brian/Dropbox/Magnate/include/Field.h */ = {isa = PBXFileReference; explicitFileType = "sourcecode.c.h"; fileEncoding = 4; name = "Field.h"; path = "include/Field.h"; sourceTree = SOURCE_ROOT; };
5393E4CE94F64324A485F4F8 /* /Users/Brian/Dropbox/Magnate/include/FileIO.h */ = {isa = PBXFileReference; explicitFileType = "sourcecode.c.h"; fileEncoding = 4; name = "FileIO.h"; path = "include/FileIO.h"; sourceTree = SOURCE_ROOT; };
F6C53759C740481B98B0CD2C /* /Users/Brian/Dropbox/Magnate/include/GUI.h */ = {isa = PBXFileReference; explicitFileType = "sourcecode.c.h"; fileEncoding = 4; name = "GUI.h"; path = "include/GUI.h"; sourceTree = SOURCE_ROOT; };
DCAE7EADCF1346E6A2F9C1EE /* /Users/Brian/Dropbox/Magnate/include/Game.h */ = {isa = PBXFileReference; explicitFileType = "sourcecode.c.h"; fileEncoding = 4; name = "Game.h"; path = "include/Game.h"; sourceTree = SOURCE_ROOT; };
F406C27BD4AA4C5FBC05B57D /* /Users/Brian/Dropbox/Magnate/include/GenTypes.h */ = {isa = PBXFileReference; explicitFileType = "sourcecode.c.h"; fileEncoding = 4; name = "GenTypes.h"; path = "include/GenTypes.h"; sourceTree = SOURCE_ROOT; };
10F9F971BBB84E00ABFDEE1F /* /Users/Brian/Dropbox/Magnate/include/GlmHeaders.h */ = {isa = PBXFileReference; explicitFileType = "sourcecode.c.h"; fileEncoding = 4; name = "GlmHeaders.h"; path = "include/GlmHeaders.h"; sourceTree = SOURCE_ROOT; };
20AED7472F7941869174D724 /* /Users/Brian/Dropbox/Magnate/include/GlobalConfig.h */ = {isa = PBXFileReference; explicitFileType = "sourcecode.c.h"; fileEncoding = 4; name = "GlobalConfig.h"; path = "include/GlobalConfig.h"; sourceTree = SOURCE_ROOT; };
618A2297EEC343D3BDBADD50 /* /Users/Brian/Dropbox/Magnate/include/Heightmap.h */ = {isa = PBXFileReference; explicitFileType = "sourcecode.c.h"; fileEncoding = 4; name = "Heightmap.h"; path = "include/Heightmap.h"; sourceTree = SOURCE_ROOT; };
2FC4F5AEF82149288C3120C4 /* /Users/Brian/Dropbox/Magnate/include/ImmediateDraw.h */ = {isa = PBXFileReference; explicitFileType = "sourcecode.c.h"; fileEncoding = 4; name = "ImmediateDraw.h"; path = "include/ImmediateDraw.h"; sourceTree = SOURCE_ROOT; };
C8A04CC1785240E1BE28AFDE /* /Users/Brian/Dropbox/Magnate/include/Input.h */ = {isa = PBXFileReference; explicitFileType = "sourcecode.c.h"; fileEncoding = 4; name = "Input.h"; path = "include/Input.h"; sourceTree = SOURCE_ROOT; };
D26B280A10234EA0B33009D7 /* /Users/Brian/Dropbox/Magnate/include/Label.h */ = {isa = PBXFileReference; explicitFileType = "sourcecode.c.h"; fileEncoding = 4; name = "Label.h"; path = "include/Label.h"; sourceTree = SOURCE_ROOT; };
714465ED015A42A4ADC56665 /* /Users/Brian/Dropbox/Magnate/include/LinAlg.h */ = {isa = PBXFileReference; explicitFileType = "sourcecode.c.h"; fileEncoding = 4; name = "LinAlg.h"; path = "include/LinAlg.h"; sourceTree = SOURCE_ROOT; };
1CB3C0DFA2B44500B557EBD4 /* /Users/Brian/Dropbox/Magnate/include/Menus.h */ = {isa = PBXFileReference; explicitFileType = "sourcecode.c.h"; fileEncoding = 4; name = "Menus.h"; path = "include/Menus.h"; sourceTree = SOURCE_ROOT; };
C8C2306AB67D46B4892CA304 /* /Users/Brian/Dropbox/Magnate/include/Mesh.h */ = {isa = PBXFileReference; explicitFileType = "sourcecode.c.h"; fileEncoding = 4; name = "Mesh.h"; path = "include/Mesh.h"; sourceTree = SOURCE_ROOT; };
543A59B33E004E6197A6774F /* /Users/Brian/Dropbox/Magnate/include/Minimap.h */ = {isa = PBXFileReference; explicitFileType = "sourcecode.c.h"; fileEncoding = 4; name = "Minimap.h"; path = "include/Minimap.h"; sourceTree = SOURCE_ROOT; };
C7BEAE27C11A447DABF6FEEF /* /Users/Brian/Dropbox/Magnate/include/Models.h */ = {isa = PBXFileReference; explicitFileType = "sourcecode.c.h"; fileEncoding = 4; name = "Models.h"; path = "include/Models.h"; sourceTree = SOURCE_ROOT; };
D2942AA758B34D258B43BAF9 /* /Users/Brian/Dropbox/Magnate/include/MultiSelect.h */ = {isa = PBXFileReference; explicitFileType = "sourcecode.c.h"; fileEncoding = 4; name = "MultiSelect.h"; path = "include/MultiSelect.h"; sourceTree = SOURCE_ROOT; };
66D9867099F24652BC5C4E92 /* /Users/Brian/Dropbox/Magnate/include/RandomUtils.h */ = {isa = PBXFileReference; explicitFileType = "sourcecode.c.h"; fileEncoding = 4; name = "RandomUtils.h"; path = "include/RandomUtils.h"; sourceTree = SOURCE_ROOT; };
13F87FDAE7744BFDA7746F45 /* /Users/Brian/Dropbox/Magnate/include/Renderer.h */ = {isa = PBXFileReference; explicitFileType = "sourcecode.c.h"; fileEncoding = 4; name = "Renderer.h"; path = "include/Renderer.h"; sourceTree = SOURCE_ROOT; };
6A347F7D565A4DC2A6611E91 /* /Users/Brian/Dropbox/Magnate/include/SaveManager.h */ = {isa = PBXFileReference; explicitFileType = "sourcecode.c.h"; fileEncoding = 4; name = "SaveManager.h"; path = "include/SaveManager.h"; sourceTree = SOURCE_ROOT; };
00E1A4956EC445B2ADD1382D /* /Users/Brian/Dropbox/Magnate/include/Scene.h */ = {isa = PBXFileReference; explicitFileType = "sourcecode.c.h"; fileEncoding = 4; name = "Scene.h"; path = "include/Scene.h"; sourceTree = SOURCE_ROOT; };
77E41FC1AA684379AD2CCD6A /* /Users/Brian/Dropbox/Magnate/include/ScrollBlock.h */ = {isa = PBXFileReference; explicitFileType = "sourcecode.c.h"; fileEncoding = 4; name = "ScrollBlock.h"; path = "include/ScrollBlock.h"; sourceTree = SOURCE_ROOT; };
359F4A06F75042C4B68B8344 /* /Users/Brian/Dropbox/Magnate/include/SdlHeaders.h */ = {isa = PBXFileReference; explicitFileType = "sourcecode.c.h"; fileEncoding = 4; name = "SdlHeaders.h"; path = "include/SdlHeaders.h"; sourceTree = SOURCE_ROOT; };
7309D0FE847746318DF3D1FF /* /Users/Brian/Dropbox/Magnate/include/Shaders.h */ = {isa = PBXFileReference; explicitFileType = "sourcecode.c.h"; fileEncoding = 4; name = "Shaders.h"; path = "include/Shaders.h"; sourceTree = SOURCE_ROOT; };
83A9AC68681843B78E8E7FC0 /* /Users/Brian/Dropbox/Magnate/include/Terrain.h */ = {isa = PBXFileReference; explicitFileType = "sourcecode.c.h"; fileEncoding = 4; name = "Terrain.h"; path = "include/Terrain.h"; sourceTree = SOURCE_ROOT; };
47025760A8F841C2B57885FE /* /Users/Brian/Dropbox/Magnate/include/TerrainGen.h */ = {isa = PBXFileReference; explicitFileType = "sourcecode.c.h"; fileEncoding = 4; name = "TerrainGen.h"; path = "include/TerrainGen.h"; sourceTree = SOURCE_ROOT; };
D8B35171BC6741E6AB665164 /* /Users/Brian/Dropbox/Magnate/include/TexGen.h */ = {isa = PBXFileReference; explicitFileType = "sourcecode.c.h"; fileEncoding = 4; name = "TexGen.h"; path = "include/TexGen.h"; sourceTree = SOURCE_ROOT; };
8027560375BA4957B9D15759 /* /Users/Brian/Dropbox/Magnate/include/TexManager.h */ = {isa = PBXFileReference; explicitFileType = "sourcecode.c.h"; fileEncoding = 4; name = "TexManager.h"; path = "include/TexManager.h"; sourceTree = SOURCE_ROOT; };
6C0AB202A6EB48CEA8F4C408 /* /Users/Brian/Dropbox/Magnate/include/Topo.h */ = {isa = PBXFileReference; explicitFileType = "sourcecode.c.h"; fileEncoding = 4; name = "Topo.h"; path = "include/Topo.h"; sourceTree = SOURCE_ROOT; };
B4445EECC5E049EDB227AAFD /* /Users/Brian/Dropbox/Magnate/include/UIRenderer.h */ = {isa = PBXFileReference; explicitFileType = "sourcecode.c.h"; fileEncoding = 4; name = "UIRenderer.h"; path = "include/UIRenderer.h"; sourceTree = SOURCE_ROOT; };
128F2980C3A545D9B6544A6D /* /Users/Brian/Dropbox/Magnate/include/VBO.h */ = {isa = PBXFileReference; explicitFileType = "sourcecode.c.h"; fileEncoding = 4; name = "VBO.h"; path = "include/VBO.h"; sourceTree = SOURCE_ROOT; };
C4A8654917C243E5BEE2F284 /* /Users/Brian/Dropbox/Magnate/include/Watershed.h */ = {isa = PBXFileReference; explicitFileType = "sourcecode.c.h"; fileEncoding = 4; name = "Watershed.h"; path = "include/Watershed.h"; sourceTree = SOURCE_ROOT; };
FE3D02882A644062B13B4710 /* /Users/Brian/Dropbox/Magnate/include/Window.h */ = {isa = PBXFileReference; explicitFileType = "sourcecode.c.h"; fileEncoding = 4; name = "Window.h"; path = "include/Window.h"; sourceTree = SOURCE_ROOT; };
1599FD5864AA41CEB2FD93F6 /* /Users/Brian/Dropbox/Magnate/include/World.h */ = {isa = PBXFileReference; explicitFileType = "sourcecode.c.h"; fileEncoding = 4; name = "World.h"; path = "include/World.h"; sourceTree = SOURCE_ROOT; };
E0198D92AEC04F90AE8B1922 /* /Users/Brian/Dropbox/Magnate/include/WorldRenderer.h */ = {isa = PBXFileReference; explicitFileType = "sourcecode.c.h"; fileEncoding = 4; name = "WorldRenderer.h"; path = "include/WorldRenderer.h"; sourceTree = SOURCE_ROOT; };
F7AA21E6A94C4825977B9591 /* /Users/Brian/Dropbox/Magnate/src/Atlas.cpp */ = {isa = PBXFileReference; explicitFileType = "sourcecode.cpp.cpp"; fileEncoding = 4; name = "Atlas.cpp"; path = "src/Atlas.cpp"; sourceTree = SOURCE_ROOT; };
4BECF690083446F6B29DE250 /* /Users/Brian/Dropbox/Magnate/src/Building.cpp */ = {isa = PBXFileReference; explicitFileType = "sourcecode.cpp.cpp"; fileEncoding = 4; name = "Building.cpp"; path = "src/Building.cpp"; sourceTree = SOURCE_ROOT; };
CE34EB218FEB4C2F91F2AC1A /* /Users/Brian/Dropbox/Magnate/src/Button.cpp */ = {isa = PBXFileReference; explicitFileType = "sourcecode.cpp.cpp"; fileEncoding = 4; name = "Button.cpp"; path = "src/Button.cpp"; sourceTree = SOURCE_ROOT; };
933B72D820F24F29AE5BF5C9 /* /Users/Brian/Dropbox/Magnate/src/Camera.cpp */ = {isa = PBXFileReference; explicitFileType = "sourcecode.cpp.cpp"; fileEncoding = 4; name = "Camera.cpp"; path = "src/Camera.cpp"; sourceTree = SOURCE_ROOT; };
C4C6140A83AB427D89EDB47B /* /Users/Brian/Dropbox/Magnate/src/Component.cpp */ = {isa = PBXFileReference; explicitFileType = "sourcecode.cpp.cpp"; fileEncoding = 4; name = "Component.cpp"; path = "src/Component.cpp"; sourceTree = SOURCE_ROOT; };
0E384B1B4064477F92821E3A /* /Users/Brian/Dropbox/Magnate/src/Coord.cpp */ = {isa = PBXFileReference; explicitFileType = "sourcecode.cpp.cpp"; fileEncoding = 4; name = "Coord.cpp"; path = "src/Coord.cpp"; sourceTree = SOURCE_ROOT; };
41CFF4743718472AA726D6AB /* /Users/Brian/Dropbox/Magnate/src/Draggable.cpp */ = {isa = PBXFileReference; explicitFileType = "sourcecode.cpp.cpp"; fileEncoding = 4; name = "Draggable.cpp"; path = "src/Draggable.cpp"; sourceTree = SOURCE_ROOT; };
6DD894C92E1D4AD1BBFC99D1 /* /Users/Brian/Dropbox/Magnate/src/Erosion.cpp */ = {isa = PBXFileReference; explicitFileType = "sourcecode.cpp.cpp"; fileEncoding = 4; name = "Erosion.cpp"; path = "src/Erosion.cpp"; sourceTree = SOURCE_ROOT; };
FF7C714481AB4DE9B6FE5A57 /* /Users/Brian/Dropbox/Magnate/src/Field.cpp */ = {isa = PBXFileReference; explicitFileType = "sourcecode.cpp.cpp"; fileEncoding = 4; name = "Field.cpp"; path = "src/Field.cpp"; sourceTree = SOURCE_ROOT; };
1AF8361FC46B42B08776BB05 /* /Users/Brian/Dropbox/Magnate/src/FileIO.cpp */ = {isa = PBXFileReference; explicitFileType = "sourcecode.cpp.cpp"; fileEncoding = 4; name = "FileIO.cpp"; path = "src/FileIO.cpp"; sourceTree = SOURCE_ROOT; };
142EBCB3584240A28759B3F7 /* /Users/Brian/Dropbox/Magnate/src/GUI.cpp */ = {isa = PBXFileReference; explicitFileType = "sourcecode.cpp.cpp"; fileEncoding = 4; name = "GUI.cpp"; path = "src/GUI.cpp"; sourceTree = SOURCE_ROOT; };
AC8D5EBFE26640669084FE26 /* /Users/Brian/Dropbox/Magnate/src/Game.cpp */ = {isa = PBXFileReference; explicitFileType = "sourcecode.cpp.cpp"; fileEncoding = 4; name = "Game.cpp"; path = "src/Game.cpp"; sourceTree = SOURCE_ROOT; };
A424533573FF4641AFDC7A9D /* /Users/Brian/Dropbox/Magnate/src/GenTypes.cpp */ = {isa = PBXFileReference; explicitFileType = "sourcecode.cpp.cpp"; fileEncoding = 4; name = "GenTypes.cpp"; path = "src/GenTypes.cpp"; sourceTree = SOURCE_ROOT; };
EB03A7C3638F43D1A6B005EB /* /Users/Brian/Dropbox/Magnate/src/GlmHeaders.cpp */ = {isa = PBXFileReference; explicitFileType = "sourcecode.cpp.cpp"; fileEncoding = 4; name = "GlmHeaders.cpp"; path = "src/GlmHeaders.cpp"; sourceTree = SOURCE_ROOT; };
1EE12B183A6644EF81CA3B4A /* /Users/Brian/Dropbox/Magnate/src/GlobalConfig.cpp */ = {isa = PBXFileReference; explicitFileType = "sourcecode.cpp.cpp"; fileEncoding = 4; name = "GlobalConfig.cpp"; path = "src/GlobalConfig.cpp"; sourceTree = SOURCE_ROOT; };
69FA1E225FAF49678D68F88C /* /Users/Brian/Dropbox/Magnate/src/Heightmap.cpp */ = {isa = PBXFileReference; explicitFileType = "sourcecode.cpp.cpp"; fileEncoding = 4; name = "Heightmap.cpp"; path = "src/Heightmap.cpp"; sourceTree = SOURCE_ROOT; };
E709B004B64F48FAB97810EB /* /Users/Brian/Dropbox/Magnate/src/ImmediateDraw.cpp */ = {isa = PBXFileReference; explicitFileType = "sourcecode.cpp.cpp"; fileEncoding = 4; name = "ImmediateDraw.cpp"; path = "src/ImmediateDraw.cpp"; sourceTree = SOURCE_ROOT; };
FCE1F9AB4AD04E8790DA24B8 /* /Users/Brian/Dropbox/Magnate/src/Input.cpp */ = {isa = PBXFileReference; explicitFileType = "sourcecode.cpp.cpp"; fileEncoding = 4; name = "Input.cpp"; path = "src/Input.cpp"; sourceTree = SOURCE_ROOT; };
3098AB8788BF4984AE192FFD /* /Users/Brian/Dropbox/Magnate/src/Label.cpp */ = {isa = PBXFileReference; explicitFileType = "sourcecode.cpp.cpp"; fileEncoding = 4; name = "Label.cpp"; path = "src/Label.cpp"; sourceTree = SOURCE_ROOT; };
F3E94E2B84104D53908E9017 /* /Users/Brian/Dropbox/Magnate/src/LinAlg.cpp */ = {isa = PBXFileReference; explicitFileType = "sourcecode.cpp.cpp"; fileEncoding = 4; name = "LinAlg.cpp"; path = "src/LinAlg.cpp"; sourceTree = SOURCE_ROOT; };
E1188D1EB592497889A51DEA /* /Users/Brian/Dropbox/Magnate/src/Menus.cpp */ = {isa = PBXFileReference; explicitFileType = "sourcecode.cpp.cpp"; fileEncoding = 4; name = "Menus.cpp"; path = "src/Menus.cpp"; sourceTree = SOURCE_ROOT; };
614B03BB3719485A8D40AF1F /* /Users/Brian/Dropbox/Magnate/src/Mesh.cpp */ = {isa = PBXFileReference; explicitFileType = "sourcecode.cpp.cpp"; fileEncoding = 4; name = "Mesh.cpp"; path = "src/Mesh.cpp"; sourceTree = SOURCE_ROOT; };
CFCD05A484C4413AB68331B2 /* /Users/Brian/Dropbox/Magnate/src/Minimap.cpp */ = {isa = PBXFileReference; explicitFileType = "sourcecode.cpp.cpp"; fileEncoding = 4; name = "Minimap.cpp"; path = "src/Minimap.cpp"; sourceTree = SOURCE_ROOT; };
F5E629D7D6D74ADE90CB3B9C /* /Users/Brian/Dropbox/Magnate/src/Models.cpp */ = {isa = PBXFileReference; explicitFileType = "sourcecode.cpp.cpp"; fileEncoding = 4; name = "Models.cpp"; path = "src/Models.cpp"; sourceTree = SOURCE_ROOT; };
DA72F04894864420AE223E0E /* /Users/Brian/Dropbox/Magnate/src/MultiSelect.cpp */ = {isa = PBXFileReference; explicitFileType = "sourcecode.cpp.cpp"; fileEncoding = 4; name = "MultiSelect.cpp"; path = "src/MultiSelect.cpp"; sourceTree = SOURCE_ROOT; };
4FE834368BED4B069344E144 /* /Users/Brian/Dropbox/Magnate/src/RandomUtils.cpp */ = {isa = PBXFileReference; explicitFileType = "sourcecode.cpp.cpp"; fileEncoding = 4; name = "RandomUtils.cpp"; path = "src/RandomUtils.cpp"; sourceTree = SOURCE_ROOT; };
A581907799E040F69F208C94 /* /Users/Brian/Dropbox/Magnate/src/Renderer.cpp */ = {isa = PBXFileReference; explicitFileType = "sourcecode.cpp.cpp"; fileEncoding = 4; name = "Renderer.cpp"; path = "src/Renderer.cpp"; sourceTree = SOURCE_ROOT; };
9101FE268B4845E98F067A7E /* /Users/Brian/Dropbox/Magnate/src/SaveManager.cpp */ = {isa = PBXFileReference; explicitFileType = "sourcecode.cpp.cpp"; fileEncoding = 4; name = "SaveManager.cpp"; path = "src/SaveManager.cpp"; sourceTree = SOURCE_ROOT; };
576E7D58F0704FA2BDEAF498 /* /Users/Brian/Dropbox/Magnate/src/Scene.cpp */ = {isa = PBXFileReference; explicitFileType = "sourcecode.cpp.cpp"; fileEncoding = 4; name = "Scene.cpp"; path = "src/Scene.cpp"; sourceTree = SOURCE_ROOT; };
C8525584AF1C477AB1C3852C /* /Users/Brian/Dropbox/Magnate/src/ScrollBlock.cpp */ = {isa = PBXFileReference; explicitFileType = "sourcecode.cpp.cpp"; fileEncoding = 4; name = "ScrollBlock.cpp"; path = "src/ScrollBlock.cpp"; sourceTree = SOURCE_ROOT; };
C4EBE526BAFB4D65891CB45E /* /Users/Brian/Dropbox/Magnate/src/Shaders.cpp */ = {isa = PBXFileReference; explicitFileType = "sourcecode.cpp.cpp"; fileEncoding = 4; name = "Shaders.cpp"; path = "src/Shaders.cpp"; sourceTree = SOURCE_ROOT; };
9284D9980686437FBEB165AB /* /Users/Brian/Dropbox/Magnate/src/Terrain.cpp */ = {isa = PBXFileReference; explicitFileType = "sourcecode.cpp.cpp"; fileEncoding = 4; name = "Terrain.cpp"; path = "src/Terrain.cpp"; sourceTree = SOURCE_ROOT; };
6C6539693DF14EF384A5BBD7 /* /Users/Brian/Dropbox/Magnate/src/TerrainGen.cpp */ = {isa = PBXFileReference; explicitFileType = "sourcecode.cpp.cpp"; fileEncoding = 4; name = "TerrainGen.cpp"; path = "src/TerrainGen.cpp"; sourceTree = SOURCE_ROOT; };
6779AFE4B85A41AFB7BBECA9 /* /Users/Brian/Dropbox/Magnate/src/TexGen.cpp */ = {isa = PBXFileReference; explicitFileType = "sourcecode.cpp.cpp"; fileEncoding = 4; name = "TexGen.cpp"; path = "src/TexGen.cpp"; sourceTree = SOURCE_ROOT; };
C258699B4E084F5A8465EE29 /* /Users/Brian/Dropbox/Magnate/src/TexManager.cpp */ = {isa = PBXFileReference; explicitFileType = "sourcecode.cpp.cpp"; fileEncoding = 4; name = "TexManager.cpp"; path = "src/TexManager.cpp"; sourceTree = SOURCE_ROOT; };
EF5F88F5117E456AA2E9D8D8 /* /Users/Brian/Dropbox/Magnate/src/Topo.cpp */ = {isa = PBXFileReference; explicitFileType = "sourcecode.cpp.cpp"; fileEncoding = 4; name = "Topo.cpp"; path = "src/Topo.cpp"; sourceTree = SOURCE_ROOT; };
5B9144F5546749C5800976C4 /* /Users/Brian/Dropbox/Magnate/src/UIRenderer.cpp */ = {isa = PBXFileReference; explicitFileType = "sourcecode.cpp.cpp"; fileEncoding = 4; name = "UIRenderer.cpp"; path = "src/UIRenderer.cpp"; sourceTree = SOURCE_ROOT; };
B2666BCB039B4EF3BBA9245D /* /Users/Brian/Dropbox/Magnate/src/VBO.cpp */ = {isa = PBXFileReference; explicitFileType = "sourcecode.cpp.cpp"; fileEncoding = 4; name = "VBO.cpp"; path = "src/VBO.cpp"; sourceTree = SOURCE_ROOT; };
C7CC98B7C53F4E0DA3C3DDB7 /* /Users/Brian/Dropbox/Magnate/src/Watershed.cpp */ = {isa = PBXFileReference; explicitFileType = "sourcecode.cpp.cpp"; fileEncoding = 4; name = "Watershed.cpp"; path = "src/Watershed.cpp"; sourceTree = SOURCE_ROOT; };
6D122FD4FF82485D835A1C51 /* /Users/Brian/Dropbox/Magnate/src/Window.cpp */ = {isa = PBXFileReference; explicitFileType = "sourcecode.cpp.cpp"; fileEncoding = 4; name = "Window.cpp"; path = "src/Window.cpp"; sourceTree = SOURCE_ROOT; };
CD4B43CD4BC74546B72F545F /* /Users/Brian/Dropbox/Magnate/src/World.cpp */ = {isa = PBXFileReference; explicitFileType = "sourcecode.cpp.cpp"; fileEncoding = 4; name = "World.cpp"; path = "src/World.cpp"; sourceTree = SOURCE_ROOT; };
26F3D350B1B8431680664BD3 /* /Users/Brian/Dropbox/Magnate/src/WorldRenderer.cpp */ = {isa = PBXFileReference; explicitFileType = "sourcecode.cpp.cpp"; fileEncoding = 4; name = "WorldRenderer.cpp"; path = "src/WorldRenderer.cpp"; sourceTree = SOURCE_ROOT; };
38AFAC68D5394BDFB4053F53 /* /Users/Brian/Dropbox/Magnate/src/main.cpp */ = {isa = PBXFileReference; explicitFileType = "sourcecode.cpp.cpp"; fileEncoding = 4; name = "main.cpp"; path = "src/main.cpp"; sourceTree = SOURCE_ROOT; };
CA5330F175254EF9BA432DD4 /* Magnate */ = {isa = PBXFileReference; explicitFileType = "compiled.mach-o.executable"; path = Magnate; refType = 0; sourceTree = BUILT_PRODUCTS_DIR; };
C77195EBF54B4510B301328C /* /Users/Brian/Dropbox/Magnate/CMakeLists.txt */ = {isa = PBXFileReference; explicitFileType = "sourcecode.text"; fileEncoding = 4; name = "CMakeLists.txt"; path = "CMakeLists.txt"; sourceTree = SOURCE_ROOT; };
/* End PBXFileReference section */

/* Begin PBXGroup section */
              D2C24777F7064D38A8FACEE3  = {
                     isa = PBXGroup;
                     children = (
                            817B7EA27D9A41BB8684C304 /* Sources */,
                            2721E4704D3C475E9A34A87A /* Resources */,
                            7D82FC2AAA5C4894AA173273 /* Products */,
                     );
                     sourceTree = "<group>";
              };
              817B7EA27D9A41BB8684C304 /* Sources */ = {
                     isa = PBXGroup;
                     children = (
                            627CFDF0820D4571AD4EC8C2 /* ALL_BUILD */,
                            86299D77F0C24A5DA18B440F /* Magnate */,
                            A9E890258585478C99444205 /* ZERO_CHECK */,
                     );
                     name = Sources;
                     sourceTree = "<group>";
              };
              2721E4704D3C475E9A34A87A /* Resources */ = {
                     isa = PBXGroup;
                     children = (
                     );
                     name = Resources;
                     sourceTree = "<group>";
              };
              627CFDF0820D4571AD4EC8C2 /* ALL_BUILD */ = {
                     isa = PBXGroup;
                     children = (
                            B07FF6CC6B384B799B76E9A1 /* CMake Rules */,
                            911CB3BF2E0F4B1589DFD89A /* /Users/Brian/Dropbox/Magnate/CMakeLists.txt */,
                     );
                     name = ALL_BUILD;
                     sourceTree = "<group>";
              };
              B07FF6CC6B384B799B76E9A1 /* CMake Rules */ = {
                     isa = PBXGroup;
                     children = (
                     );
                     name = "CMake Rules";
                     sourceTree = "<group>";
              };
              86299D77F0C24A5DA18B440F /* Magnate */ = {
                     isa = PBXGroup;
                     children = (
                            EE39ADE4FA8543BDBCD184A9 /* Header Files */,
                            BF6DBA7F6F704572A2B8349F /* Source Files */,
                            861B268CBB654D38BBF576F3 /* /Users/Brian/Dropbox/Magnate/CMakeLists.txt */,
                     );
                     name = Magnate;
                     sourceTree = "<group>";
              };
              EE39ADE4FA8543BDBCD184A9 /* Header Files */ = {
                     isa = PBXGroup;
                     children = (
                            F0C7D48B7DB04A8386BCAB69 /* /Users/Brian/Dropbox/Magnate/include/Atlas.h */,
                            28E95094B7824749AC753A33 /* /Users/Brian/Dropbox/Magnate/include/Broadcaster.h */,
                            E908E0F71A984660ACD485CC /* /Users/Brian/Dropbox/Magnate/include/Building.h */,
                            4A8564DBEE2F4954819A632B /* /Users/Brian/Dropbox/Magnate/include/Button.h */,
                            7598FFA700BC4F4B977336B2 /* /Users/Brian/Dropbox/Magnate/include/Camera.h */,
                            75981CE8C0C34D2FB4601ADB /* /Users/Brian/Dropbox/Magnate/include/Component.h */,
                            4861E46C0D6E4D33B6428C81 /* /Users/Brian/Dropbox/Magnate/include/Coord.h */,
                            0F34BE2F5DB24405849B2138 /* /Users/Brian/Dropbox/Magnate/include/DebugTools.h */,
                            4A5B7901C2A041419A7AFE87 /* /Users/Brian/Dropbox/Magnate/include/Draggable.h */,
                            4F19E52ABD764636B868A949 /* /Users/Brian/Dropbox/Magnate/include/Erosion.h */,
                            B3FA85C887D245C7A74F8179 /* /Users/Brian/Dropbox/Magnate/include/Field.h */,
                            5393E4CE94F64324A485F4F8 /* /Users/Brian/Dropbox/Magnate/include/FileIO.h */,
                            F6C53759C740481B98B0CD2C /* /Users/Brian/Dropbox/Magnate/include/GUI.h */,
                            DCAE7EADCF1346E6A2F9C1EE /* /Users/Brian/Dropbox/Magnate/include/Game.h */,
                            F406C27BD4AA4C5FBC05B57D /* /Users/Brian/Dropbox/Magnate/include/GenTypes.h */,
                            10F9F971BBB84E00ABFDEE1F /* /Users/Brian/Dropbox/Magnate/include/GlmHeaders.h */,
                            20AED7472F7941869174D724 /* /Users/Brian/Dropbox/Magnate/include/GlobalConfig.h */,
                            618A2297EEC343D3BDBADD50 /* /Users/Brian/Dropbox/Magnate/include/Heightmap.h */,
                            2FC4F5AEF82149288C3120C4 /* /Users/Brian/Dropbox/Magnate/include/ImmediateDraw.h */,
                            C8A04CC1785240E1BE28AFDE /* /Users/Brian/Dropbox/Magnate/include/Input.h */,
                            D26B280A10234EA0B33009D7 /* /Users/Brian/Dropbox/Magnate/include/Label.h */,
                            714465ED015A42A4ADC56665 /* /Users/Brian/Dropbox/Magnate/include/LinAlg.h */,
                            1CB3C0DFA2B44500B557EBD4 /* /Users/Brian/Dropbox/Magnate/include/Menus.h */,
                            C8C2306AB67D46B4892CA304 /* /Users/Brian/Dropbox/Magnate/include/Mesh.h */,
                            543A59B33E004E6197A6774F /* /Users/Brian/Dropbox/Magnate/include/Minimap.h */,
                            C7BEAE27C11A447DABF6FEEF /* /Users/Brian/Dropbox/Magnate/include/Models.h */,
                            D2942AA758B34D258B43BAF9 /* /Users/Brian/Dropbox/Magnate/include/MultiSelect.h */,
                            66D9867099F24652BC5C4E92 /* /Users/Brian/Dropbox/Magnate/include/RandomUtils.h */,
                            13F87FDAE7744BFDA7746F45 /* /Users/Brian/Dropbox/Magnate/include/Renderer.h */,
                            6A347F7D565A4DC2A6611E91 /* /Users/Brian/Dropbox/Magnate/include/SaveManager.h */,
                            00E1A4956EC445B2ADD1382D /* /Users/Brian/Dropbox/Magnate/include/Scene.h */,
                            77E41FC1AA684379AD2CCD6A /* /Users/Brian/Dropbox/Magnate/include/ScrollBlock.h */,
                            359F4A06F75042C4B68B8344 /* /Users/Brian/Dropbox/Magnate/include/SdlHeaders.h */,
                            7309D0FE847746318DF3D1FF /* /Users/Brian/Dropbox/Magnate/include/Shaders.h */,
                            83A9AC68681843B78E8E7FC0 /* /Users/Brian/Dropbox/Magnate/include/Terrain.h */,
                            47025760A8F841C2B57885FE /* /Users/Brian/Dropbox/Magnate/include/TerrainGen.h */,
                            D8B35171BC6741E6AB665164 /* /Users/Brian/Dropbox/Magnate/include/TexGen.h */,
                            8027560375BA4957B9D15759 /* /Users/Brian/Dropbox/Magnate/include/TexManager.h */,
                            6C0AB202A6EB48CEA8F4C408 /* /Users/Brian/Dropbox/Magnate/include/Topo.h */,
                            B4445EECC5E049EDB227AAFD /* /Users/Brian/Dropbox/Magnate/include/UIRenderer.h */,
                            128F2980C3A545D9B6544A6D /* /Users/Brian/Dropbox/Magnate/include/VBO.h */,
                            C4A8654917C243E5BEE2F284 /* /Users/Brian/Dropbox/Magnate/include/Watershed.h */,
                            FE3D02882A644062B13B4710 /* /Users/Brian/Dropbox/Magnate/include/Window.h */,
                            1599FD5864AA41CEB2FD93F6 /* /Users/Brian/Dropbox/Magnate/include/World.h */,
                            E0198D92AEC04F90AE8B1922 /* /Users/Brian/Dropbox/Magnate/include/WorldRenderer.h */,
                     );
                     name = "Header Files";
                     sourceTree = "<group>";
              };
              BF6DBA7F6F704572A2B8349F /* Source Files */ = {
                     isa = PBXGroup;
                     children = (
                            F7AA21E6A94C4825977B9591 /* /Users/Brian/Dropbox/Magnate/src/Atlas.cpp */,
                            4BECF690083446F6B29DE250 /* /Users/Brian/Dropbox/Magnate/src/Building.cpp */,
                            CE34EB218FEB4C2F91F2AC1A /* /Users/Brian/Dropbox/Magnate/src/Button.cpp */,
                            933B72D820F24F29AE5BF5C9 /* /Users/Brian/Dropbox/Magnate/src/Camera.cpp */,
                            C4C6140A83AB427D89EDB47B /* /Users/Brian/Dropbox/Magnate/src/Component.cpp */,
                            0E384B1B4064477F92821E3A /* /Users/Brian/Dropbox/Magnate/src/Coord.cpp */,
                            41CFF4743718472AA726D6AB /* /Users/Brian/Dropbox/Magnate/src/Draggable.cpp */,
                            6DD894C92E1D4AD1BBFC99D1 /* /Users/Brian/Dropbox/Magnate/src/Erosion.cpp */,
                            FF7C714481AB4DE9B6FE5A57 /* /Users/Brian/Dropbox/Magnate/src/Field.cpp */,
                            1AF8361FC46B42B08776BB05 /* /Users/Brian/Dropbox/Magnate/src/FileIO.cpp */,
                            142EBCB3584240A28759B3F7 /* /Users/Brian/Dropbox/Magnate/src/GUI.cpp */,
                            AC8D5EBFE26640669084FE26 /* /Users/Brian/Dropbox/Magnate/src/Game.cpp */,
                            A424533573FF4641AFDC7A9D /* /Users/Brian/Dropbox/Magnate/src/GenTypes.cpp */,
                            EB03A7C3638F43D1A6B005EB /* /Users/Brian/Dropbox/Magnate/src/GlmHeaders.cpp */,
                            1EE12B183A6644EF81CA3B4A /* /Users/Brian/Dropbox/Magnate/src/GlobalConfig.cpp */,
                            69FA1E225FAF49678D68F88C /* /Users/Brian/Dropbox/Magnate/src/Heightmap.cpp */,
                            E709B004B64F48FAB97810EB /* /Users/Brian/Dropbox/Magnate/src/ImmediateDraw.cpp */,
                            FCE1F9AB4AD04E8790DA24B8 /* /Users/Brian/Dropbox/Magnate/src/Input.cpp */,
                            3098AB8788BF4984AE192FFD /* /Users/Brian/Dropbox/Magnate/src/Label.cpp */,
                            F3E94E2B84104D53908E9017 /* /Users/Brian/Dropbox/Magnate/src/LinAlg.cpp */,
                            E1188D1EB592497889A51DEA /* /Users/Brian/Dropbox/Magnate/src/Menus.cpp */,
                            614B03BB3719485A8D40AF1F /* /Users/Brian/Dropbox/Magnate/src/Mesh.cpp */,
                            CFCD05A484C4413AB68331B2 /* /Users/Brian/Dropbox/Magnate/src/Minimap.cpp */,
                            F5E629D7D6D74ADE90CB3B9C /* /Users/Brian/Dropbox/Magnate/src/Models.cpp */,
                            DA72F04894864420AE223E0E /* /Users/Brian/Dropbox/Magnate/src/MultiSelect.cpp */,
                            4FE834368BED4B069344E144 /* /Users/Brian/Dropbox/Magnate/src/RandomUtils.cpp */,
                            A581907799E040F69F208C94 /* /Users/Brian/Dropbox/Magnate/src/Renderer.cpp */,
                            9101FE268B4845E98F067A7E /* /Users/Brian/Dropbox/Magnate/src/SaveManager.cpp */,
                            576E7D58F0704FA2BDEAF498 /* /Users/Brian/Dropbox/Magnate/src/Scene.cpp */,
                            C8525584AF1C477AB1C3852C /* /Users/Brian/Dropbox/Magnate/src/ScrollBlock.cpp */,
                            C4EBE526BAFB4D65891CB45E /* /Users/Brian/Dropbox/Magnate/src/Shaders.cpp */,
                            9284D9980686437FBEB165AB /* /Users/Brian/Dropbox/Magnate/src/Terrain.cpp */,
                            6C6539693DF14EF384A5BBD7 /* /Users/Brian/Dropbox/Magnate/src/TerrainGen.cpp */,
                            6779AFE4B85A41AFB7BBECA9 /* /Users/Brian/Dropbox/Magnate/src/TexGen.cpp */,
                            C258699B4E084F5A8465EE29 /* /Users/Brian/Dropbox/Magnate/src/TexManager.cpp */,
                            EF5F88F5117E456AA2E9D8D8 /* /Users/Brian/Dropbox/Magnate/src/Topo.cpp */,
                            5B9144F5546749C5800976C4 /* /Users/Brian/Dropbox/Magnate/src/UIRenderer.cpp */,
                            B2666BCB039B4EF3BBA9245D /* /Users/Brian/Dropbox/Magnate/src/VBO.cpp */,
                            C7CC98B7C53F4E0DA3C3DDB7 /* /Users/Brian/Dropbox/Magnate/src/Watershed.cpp */,
                            6D122FD4FF82485D835A1C51 /* /Users/Brian/Dropbox/Magnate/src/Window.cpp */,
                            CD4B43CD4BC74546B72F545F /* /Users/Brian/Dropbox/Magnate/src/World.cpp */,
                            26F3D350B1B8431680664BD3 /* /Users/Brian/Dropbox/Magnate/src/WorldRenderer.cpp */,
                            38AFAC68D5394BDFB4053F53 /* /Users/Brian/Dropbox/Magnate/src/main.cpp */,
                     );
                     name = "Source Files";
                     sourceTree = "<group>";
              };
              A9E890258585478C99444205 /* ZERO_CHECK */ = {
                     isa = PBXGroup;
                     children = (
                            D0EF7C9B31B54442A17A0278 /* CMake Rules */,
                            C77195EBF54B4510B301328C /* /Users/Brian/Dropbox/Magnate/CMakeLists.txt */,
                     );
                     name = ZERO_CHECK;
                     sourceTree = "<group>";
              };
              D0EF7C9B31B54442A17A0278 /* CMake Rules */ = {
                     isa = PBXGroup;
                     children = (
                     );
                     name = "CMake Rules";
                     sourceTree = "<group>";
              };
              7D82FC2AAA5C4894AA173273 /* Products */ = {
                     isa = PBXGroup;
                     children = (
                            CA5330F175254EF9BA432DD4 /* Magnate */,
                     );
                     name = Products;
                     sourceTree = "<group>";
              };
/* End PBXGroup section */

/* Begin PBXNativeTarget section */
              BA90EB866FFB4869B9F86555 /* Magnate */ = {
                     isa = PBXNativeTarget;
                     buildConfigurationList = D82ACFF0387E46678A34069A /* Build configuration list for PBXNativeTarget "Magnate" */;
                     buildPhases = (
                            AD64E5E56A1E454DB54ABD21 /* Sources */,
                     );
                     buildRules = (
                     );
                     dependencies = (
                            21FBE8CDCECF4E1EA131D24A /* PBXTargetDependency */,
                     );
                     name = Magnate;
                     productName = Magnate;
                     productReference = CA5330F175254EF9BA432DD4 /* Magnate */;
                     productType = "com.apple.product-type.tool";
              };
/* End PBXNativeTarget section */

/* Begin PBXProject section */
              AE1800FB659F4B87A0ECE084 /* Project object */ = {
                     isa = PBXProject;
                     attributes = {
                            BuildIndependentTargetsInParallel = YES;
                     };
                     buildConfigurationList = 73026F44E800478F98826629 /* Build configuration list for PBXProject  "Magnate" */;
                     buildSettings = {
                     };
                     buildStyles = (
                            144A683502C241C486253577 /* Debug */,
                            79114868571E453FBDC672A6 /* Release */,
                            6EDBFE98B8964DADA3E18E14 /* MinSizeRel */,
                            39DC5FCB438F4B0B9A0B11F9 /* RelWithDebInfo */,
                     );
                     compatibilityVersion = "Xcode 3.2";
                     hasScannedForEncodings = 0;
                     mainGroup = D2C24777F7064D38A8FACEE3;
                     projectDirPath = "..";
                     projectRoot = "";
                     targets = (
                            063B677FAE644FC0BA9FB2CC /* ALL_BUILD */,
                            BA90EB866FFB4869B9F86555 /* Magnate */,
                            30747E43E61C4BAC90340ECB /* ZERO_CHECK */,
                     );
              };
/* End PBXProject section */

/* Begin PBXShellScriptBuildPhase section */
              8D1144483D6B4A3592B89030 /*  */ = {
                     isa = PBXShellScriptBuildPhase;
                     buildActionMask = 2147483647;
                     files = (
                     );
                     inputPaths = (
                     );
                     outputPaths = (
                     );
                     runOnlyForDeploymentPostprocessing = 0;
                     shellPath = /bin/sh;
                     shellScript = "# shell script goes here
exit 0";
                     showEnvVarsInLog = 0;
              };
              4F023DAE57514CC38BD9AD06 /* CMake Rules */ = {
                     isa = PBXShellScriptBuildPhase;
                     buildActionMask = 2147483647;
                     files = (
                     );
                     name = "CMake Rules";
                     runOnlyForDeploymentPostprocessing = 0;
                     shellPath = /bin/sh;
                     shellScript = "make -C /Users/Brian/Dropbox/Magnate/xcodeBuild -f /Users/Brian/Dropbox/Magnate/xcodeBuild/CMakeScripts/ALL_BUILD_cmakeRulesBuildPhase.make$CONFIGURATION all";
                     showEnvVarsInLog = 0;
              };
              A6B7CE9DD7734956BEB7C559 /*  */ = {
                     isa = PBXShellScriptBuildPhase;
                     buildActionMask = 2147483647;
                     files = (
                     );
                     inputPaths = (
                     );
                     outputPaths = (
                     );
                     runOnlyForDeploymentPostprocessing = 0;
                     shellPath = /bin/sh;
                     shellScript = "# shell script goes here
exit 0";
                     showEnvVarsInLog = 0;
              };
              628CD203B34F4A36899D8165 /* CMake Rules */ = {
                     isa = PBXShellScriptBuildPhase;
                     buildActionMask = 2147483647;
                     files = (
                     );
                     name = "CMake Rules";
                     runOnlyForDeploymentPostprocessing = 0;
                     shellPath = /bin/sh;
                     shellScript = "make -C /Users/Brian/Dropbox/Magnate/xcodeBuild -f /Users/Brian/Dropbox/Magnate/xcodeBuild/CMakeScripts/ZERO_CHECK_cmakeRulesBuildPhase.make$CONFIGURATION all";
                     showEnvVarsInLog = 0;
              };
/* End PBXShellScriptBuildPhase section */

/* Begin PBXSourcesBuildPhase section */
              AD64E5E56A1E454DB54ABD21 /* Sources */ = {
                     isa = PBXSourcesBuildPhase;
                     buildActionMask = 2147483647;
                     files = (
                            D29B4C8C505D4E6D8A74A33E /* /Users/Brian/Dropbox/Magnate/src/Atlas.cpp */,
                            DBA45B1497E445C78C4EE8BD /* /Users/Brian/Dropbox/Magnate/src/Building.cpp */,
                            A06787E4C531408DA106B0DB /* /Users/Brian/Dropbox/Magnate/src/Button.cpp */,
                            7D14ACD8D8954E67A22C2C66 /* /Users/Brian/Dropbox/Magnate/src/Camera.cpp */,
                            F3025715F9314696B2B7A95D /* /Users/Brian/Dropbox/Magnate/src/Component.cpp */,
                            E4FCEDDEE76B41FE9675A310 /* /Users/Brian/Dropbox/Magnate/src/Coord.cpp */,
                            596ADC873BCF473F87746930 /* /Users/Brian/Dropbox/Magnate/src/Draggable.cpp */,
                            77A8FC4DA4AB4D779E5F8D15 /* /Users/Brian/Dropbox/Magnate/src/Erosion.cpp */,
                            0B2035EEAD584F8B9B662301 /* /Users/Brian/Dropbox/Magnate/src/Field.cpp */,
                            CC2D819EECFE4F7A904D1E25 /* /Users/Brian/Dropbox/Magnate/src/FileIO.cpp */,
                            0ED3D6AF2E5C40C6992EEEFE /* /Users/Brian/Dropbox/Magnate/src/GUI.cpp */,
                            71F446888B5F4976AE8C2766 /* /Users/Brian/Dropbox/Magnate/src/Game.cpp */,
                            F9C08EF3CC9248EDA550A8A0 /* /Users/Brian/Dropbox/Magnate/src/GenTypes.cpp */,
                            CCCC5B59FEAF4D8AA2D90118 /* /Users/Brian/Dropbox/Magnate/src/GlmHeaders.cpp */,
                            32A01988AA3D4478A5DE1B4E /* /Users/Brian/Dropbox/Magnate/src/GlobalConfig.cpp */,
                            291CE6D3184A43A0972DD66E /* /Users/Brian/Dropbox/Magnate/src/Heightmap.cpp */,
                            94277D4C5FB242318A65A637 /* /Users/Brian/Dropbox/Magnate/src/ImmediateDraw.cpp */,
                            936C448FE1AE45B7BBE32829 /* /Users/Brian/Dropbox/Magnate/src/Input.cpp */,
                            1E601AC41D1646E7B508EEA4 /* /Users/Brian/Dropbox/Magnate/src/Label.cpp */,
                            0DD5B6AAC03E4AD39EB47F64 /* /Users/Brian/Dropbox/Magnate/src/LinAlg.cpp */,
                            1F90CCD19E734E6897124B04 /* /Users/Brian/Dropbox/Magnate/src/Menus.cpp */,
                            2CD74587F6D842889CE9C4E6 /* /Users/Brian/Dropbox/Magnate/src/Mesh.cpp */,
                            DC49F4CBD0204346862AA9E8 /* /Users/Brian/Dropbox/Magnate/src/Minimap.cpp */,
                            C0D0683488DF47388501A21B /* /Users/Brian/Dropbox/Magnate/src/Models.cpp */,
                            D7ECB7997DC14462BA2FE5F8 /* /Users/Brian/Dropbox/Magnate/src/MultiSelect.cpp */,
                            15AA4A69B99946D9AC35E986 /* /Users/Brian/Dropbox/Magnate/src/RandomUtils.cpp */,
                            CF47F586EEA047D8968EACE4 /* /Users/Brian/Dropbox/Magnate/src/Renderer.cpp */,
                            7EA73FDD60894193A3B5137B /* /Users/Brian/Dropbox/Magnate/src/SaveManager.cpp */,
                            79858929EA744EDE91FA2245 /* /Users/Brian/Dropbox/Magnate/src/Scene.cpp */,
                            E9B2BB1411C0418A9263F751 /* /Users/Brian/Dropbox/Magnate/src/ScrollBlock.cpp */,
                            0D20E152AF4E4813B0CC581D /* /Users/Brian/Dropbox/Magnate/src/Shaders.cpp */,
                            259F5DA6E08B494F9CCFC944 /* /Users/Brian/Dropbox/Magnate/src/Terrain.cpp */,
                            D0227C3C8CA141EB92019797 /* /Users/Brian/Dropbox/Magnate/src/TerrainGen.cpp */,
                            65A519140E204EBFB7097BE5 /* /Users/Brian/Dropbox/Magnate/src/TexGen.cpp */,
                            840E1B3139F24477AD06CCD7 /* /Users/Brian/Dropbox/Magnate/src/TexManager.cpp */,
                            B4E6504FB71543A49C0FD6E7 /* /Users/Brian/Dropbox/Magnate/src/Topo.cpp */,
                            FBCEEE5BF83C43AE8095CB1C /* /Users/Brian/Dropbox/Magnate/src/UIRenderer.cpp */,
                            2CDA540A39CD48D48A2A085C /* /Users/Brian/Dropbox/Magnate/src/VBO.cpp */,
                            56A30E4F5211415A8E09D717 /* /Users/Brian/Dropbox/Magnate/src/Watershed.cpp */,
                            61A4E8BAB38B4CE6BEFA0B4B /* /Users/Brian/Dropbox/Magnate/src/Window.cpp */,
                            36D43FB90549442D81C117F2 /* /Users/Brian/Dropbox/Magnate/src/World.cpp */,
                            B94BA93FBC39419592B6CC80 /* /Users/Brian/Dropbox/Magnate/src/WorldRenderer.cpp */,
                            DA1BC71731A2440CBC100750 /* /Users/Brian/Dropbox/Magnate/src/main.cpp */,
                     );
                     runOnlyForDeploymentPostprocessing = 0;
              };
/* End PBXSourcesBuildPhase section */

/* Begin PBXTargetDependency section */
              0BE7DD5A94E94C3D8F741C4B /* PBXTargetDependency */ = {
                     isa = PBXTargetDependency;
                     target = BA90EB866FFB4869B9F86555 /* Magnate */;
                     targetProxy = A5BADEA5C0D2402982007741 /* PBXContainerItemProxy */;
              };
              CCE76EB1C4D94E33BD568AEE /* PBXTargetDependency */ = {
                     isa = PBXTargetDependency;
                     target = 30747E43E61C4BAC90340ECB /* ZERO_CHECK */;
                     targetProxy = 56AA2EE83A2D41DBB22BB2DE /* PBXContainerItemProxy */;
              };
              21FBE8CDCECF4E1EA131D24A /* PBXTargetDependency */ = {
                     isa = PBXTargetDependency;
                     target = 30747E43E61C4BAC90340ECB /* ZERO_CHECK */;
                     targetProxy = C31EBC7B1DD14745863D0A80 /* PBXContainerItemProxy */;
              };
/* End PBXTargetDependency section */

/* Begin XCBuildConfiguration section */
              BAD09C2219C341DC821558E8 /* Debug */ = {
                     isa = XCBuildConfiguration;
                     buildSettings = {
                            ARCHS = "$(ARCHS_STANDARD_32_64_BIT)";
                            MACOSX_DEPLOYMENT_TARGET = "10.10";
                            ONLY_ACTIVE_ARCH = YES;
                            SDKROOT = "/Applications/Xcode.app/Contents/Developer/Platforms/MacOSX.platform/Developer/SDKs/MacOSX10.10.sdk";
                            SYMROOT = /Users/Brian/Dropbox/Magnate/xcodeBuild/build;
                     };
                     name = Debug;
              };
              7B14901C2A9944B9AB3A6B2E /* Release */ = {
                     isa = XCBuildConfiguration;
                     buildSettings = {
                            ARCHS = "$(ARCHS_STANDARD_32_64_BIT)";
                            MACOSX_DEPLOYMENT_TARGET = "10.10";
                            ONLY_ACTIVE_ARCH = YES;
                            SDKROOT = "/Applications/Xcode.app/Contents/Developer/Platforms/MacOSX.platform/Developer/SDKs/MacOSX10.10.sdk";
                            SYMROOT = /Users/Brian/Dropbox/Magnate/xcodeBuild/build;
                     };
                     name = Release;
              };
              05E9D62425E5422BBA65968E /* MinSizeRel */ = {
                     isa = XCBuildConfiguration;
                     buildSettings = {
                            ARCHS = "$(ARCHS_STANDARD_32_64_BIT)";
                            MACOSX_DEPLOYMENT_TARGET = "10.10";
                            ONLY_ACTIVE_ARCH = YES;
                            SDKROOT = "/Applications/Xcode.app/Contents/Developer/Platforms/MacOSX.platform/Developer/SDKs/MacOSX10.10.sdk";
                            SYMROOT = /Users/Brian/Dropbox/Magnate/xcodeBuild/build;
                     };
                     name = MinSizeRel;
              };
              6EAF4CACC6E54CCEBA4067BD /* RelWithDebInfo */ = {
                     isa = XCBuildConfiguration;
                     buildSettings = {
                            ARCHS = "$(ARCHS_STANDARD_32_64_BIT)";
                            MACOSX_DEPLOYMENT_TARGET = "10.10";
                            ONLY_ACTIVE_ARCH = YES;
                            SDKROOT = "/Applications/Xcode.app/Contents/Developer/Platforms/MacOSX.platform/Developer/SDKs/MacOSX10.10.sdk";
                            SYMROOT = /Users/Brian/Dropbox/Magnate/xcodeBuild/build;
                     };
                     name = RelWithDebInfo;
              };
              06DEA2FD81194B7C8F3CCD2C /* Debug */ = {
                     isa = XCBuildConfiguration;
                     buildSettings = {
                            COMBINE_HIDPI_IMAGES = YES;
                            GCC_GENERATE_DEBUGGING_SYMBOLS = NO;
                            GCC_INLINES_ARE_PRIVATE_EXTERN = NO;
                            GCC_OPTIMIZATION_LEVEL = 0;
                            GCC_PREPROCESSOR_DEFINITIONS = ("'CMAKE_INTDIR=\"$(CONFIGURATION)$(EFFECTIVE_PLATFORM_NAME)\"'", );
                            GCC_SYMBOLS_PRIVATE_EXTERN = NO;
                            HEADER_SEARCH_PATHS = (/usr/local/include, /Users/Brian/Dropbox/Magnate/include, );
                            INSTALL_PATH = "";
                            OTHER_CFLAGS = "  ";
                            OTHER_LDFLAGS = " ";
                            OTHER_REZFLAGS = "";
                            PRODUCT_NAME = ALL_BUILD;
                            SECTORDER_FLAGS = "";
                            SYMROOT = /Users/Brian/Dropbox/Magnate/xcodeBuild;
                            USE_HEADERMAP = NO;
                            WARNING_CFLAGS = ("-Wmost", "-Wno-four-char-constants", "-Wno-unknown-pragmas", );
                     };
                     name = Debug;
              };
              D0E27FF3C44B42C28F169CF2 /* Release */ = {
                     isa = XCBuildConfiguration;
                     buildSettings = {
                            COMBINE_HIDPI_IMAGES = YES;
                            GCC_GENERATE_DEBUGGING_SYMBOLS = NO;
                            GCC_INLINES_ARE_PRIVATE_EXTERN = NO;
                            GCC_OPTIMIZATION_LEVEL = 0;
                            GCC_PREPROCESSOR_DEFINITIONS = ("'CMAKE_INTDIR=\"$(CONFIGURATION)$(EFFECTIVE_PLATFORM_NAME)\"'", );
                            GCC_SYMBOLS_PRIVATE_EXTERN = NO;
                            HEADER_SEARCH_PATHS = (/usr/local/include, /Users/Brian/Dropbox/Magnate/include, );
                            INSTALL_PATH = "";
                            OTHER_CFLAGS = "  ";
                            OTHER_LDFLAGS = " ";
                            OTHER_REZFLAGS = "";
                            PRODUCT_NAME = ALL_BUILD;
                            SECTORDER_FLAGS = "";
                            SYMROOT = /Users/Brian/Dropbox/Magnate/xcodeBuild;
                            USE_HEADERMAP = NO;
                            WARNING_CFLAGS = ("-Wmost", "-Wno-four-char-constants", "-Wno-unknown-pragmas", );
                     };
                     name = Release;
              };
              39F62EF628924AD7AF5B6685 /* MinSizeRel */ = {
                     isa = XCBuildConfiguration;
                     buildSettings = {
                            COMBINE_HIDPI_IMAGES = YES;
                            GCC_GENERATE_DEBUGGING_SYMBOLS = NO;
                            GCC_INLINES_ARE_PRIVATE_EXTERN = NO;
                            GCC_OPTIMIZATION_LEVEL = 0;
                            GCC_PREPROCESSOR_DEFINITIONS = ("'CMAKE_INTDIR=\"$(CONFIGURATION)$(EFFECTIVE_PLATFORM_NAME)\"'", );
                            GCC_SYMBOLS_PRIVATE_EXTERN = NO;
                            HEADER_SEARCH_PATHS = (/usr/local/include, /Users/Brian/Dropbox/Magnate/include, );
                            INSTALL_PATH = "";
                            OTHER_CFLAGS = "  ";
                            OTHER_LDFLAGS = " ";
                            OTHER_REZFLAGS = "";
                            PRODUCT_NAME = ALL_BUILD;
                            SECTORDER_FLAGS = "";
                            SYMROOT = /Users/Brian/Dropbox/Magnate/xcodeBuild;
                            USE_HEADERMAP = NO;
                            WARNING_CFLAGS = ("-Wmost", "-Wno-four-char-constants", "-Wno-unknown-pragmas", );
                     };
                     name = MinSizeRel;
              };
              6AF32058C13F4C5AACEC8151 /* RelWithDebInfo */ = {
                     isa = XCBuildConfiguration;
                     buildSettings = {
                            COMBINE_HIDPI_IMAGES = YES;
                            GCC_GENERATE_DEBUGGING_SYMBOLS = NO;
                            GCC_INLINES_ARE_PRIVATE_EXTERN = NO;
                            GCC_OPTIMIZATION_LEVEL = 0;
                            GCC_PREPROCESSOR_DEFINITIONS = ("'CMAKE_INTDIR=\"$(CONFIGURATION)$(EFFECTIVE_PLATFORM_NAME)\"'", );
                            GCC_SYMBOLS_PRIVATE_EXTERN = NO;
                            HEADER_SEARCH_PATHS = (/usr/local/include, /Users/Brian/Dropbox/Magnate/include, );
                            INSTALL_PATH = "";
                            OTHER_CFLAGS = "  ";
                            OTHER_LDFLAGS = " ";
                            OTHER_REZFLAGS = "";
                            PRODUCT_NAME = ALL_BUILD;
                            SECTORDER_FLAGS = "";
                            SYMROOT = /Users/Brian/Dropbox/Magnate/xcodeBuild;
                            USE_HEADERMAP = NO;
                            WARNING_CFLAGS = ("-Wmost", "-Wno-four-char-constants", "-Wno-unknown-pragmas", );
                     };
                     name = RelWithDebInfo;
              };
              893CB5A28E3143D4BF93FF3E /* Debug */ = {
                     isa = XCBuildConfiguration;
                     buildSettings = {
                            COMBINE_HIDPI_IMAGES = YES;
                            EXECUTABLE_PREFIX = "";
                            EXECUTABLE_SUFFIX = "";
                            FRAMEWORK_SEARCH_PATHS = (/Library/Frameworks, );
                            GCC_GENERATE_DEBUGGING_SYMBOLS = YES;
                            GCC_INLINES_ARE_PRIVATE_EXTERN = NO;
                            GCC_OPTIMIZATION_LEVEL = 2;
                            GCC_PREPROCESSOR_DEFINITIONS = ("'CMAKE_INTDIR=\"$(CONFIGURATION)$(EFFECTIVE_PLATFORM_NAME)\"'", );
                            GCC_SYMBOLS_PRIVATE_EXTERN = NO;
                            HEADER_SEARCH_PATHS = (/usr/local/include, /Users/Brian/Dropbox/Magnate/include, );
                            INSTALL_PATH = "";
                            LD_RUNPATH_SEARCH_PATHS = /Library/Frameworks;
                            LIBRARY_SEARCH_PATHS = "";
                            OTHER_CFLAGS = "    ";
                            OTHER_CPLUSPLUSFLAGS = " -std=c++11     -Wall -Dgdb -I/System/Library/Frameworks/OpenGL.framework/Headers -I/Library/Frameworks/SDL2.framework/Headers -I/Library/Frameworks/SDL2_image.framework/Headers -I/Library/Frameworks/SDL2_ttf.framework/Headers -I/usr/local/include/glm     ";
                            OTHER_LDFLAGS = "  -Wl,-search_paths_first -Wl,-headerpad_max_install_names  -framework OpenGL -framework SDL2 -framework SDL2_image /usr/local/lib/libboost_system.dylib /usr/local/lib/libboost_filesystem.dylib";
                            OTHER_REZFLAGS = "";
                            PRODUCT_NAME = Magnate;
                            SECTORDER_FLAGS = "";
                            SYMROOT = /Users/Brian/Dropbox/Magnate/xcodeBuild;
                            USE_HEADERMAP = NO;
                            WARNING_CFLAGS = ("-Wmost", "-Wno-four-char-constants", "-Wno-unknown-pragmas", );
                     };
                     name = Debug;
              };
              0948601C418841BC92A65369 /* Release */ = {
                     isa = XCBuildConfiguration;
                     buildSettings = {
                            COMBINE_HIDPI_IMAGES = YES;
                            EXECUTABLE_PREFIX = "";
                            EXECUTABLE_SUFFIX = "";
                            FRAMEWORK_SEARCH_PATHS = (/Library/Frameworks, );
                            GCC_GENERATE_DEBUGGING_SYMBOLS = NO;
                            GCC_INLINES_ARE_PRIVATE_EXTERN = NO;
                            GCC_OPTIMIZATION_LEVEL = 3;
                            GCC_PREPROCESSOR_DEFINITIONS = ("'CMAKE_INTDIR=\"$(CONFIGURATION)$(EFFECTIVE_PLATFORM_NAME)\"'", );
                            GCC_SYMBOLS_PRIVATE_EXTERN = NO;
                            HEADER_SEARCH_PATHS = (/usr/local/include, /Users/Brian/Dropbox/Magnate/include, );
                            INSTALL_PATH = "";
                            LD_RUNPATH_SEARCH_PATHS = /Library/Frameworks;
                            LIBRARY_SEARCH_PATHS = "";
                            OTHER_CFLAGS = "    -DNDEBUG  ";
                            OTHER_CPLUSPLUSFLAGS = " -std=c++11     -Wall -Dgdb -I/System/Library/Frameworks/OpenGL.framework/Headers -I/Library/Frameworks/SDL2.framework/Headers -I/Library/Frameworks/SDL2_image.framework/Headers -I/Library/Frameworks/SDL2_ttf.framework/Headers -I/usr/local/include/glm     -DNDEBUG  ";
                            OTHER_LDFLAGS = "  -Wl,-search_paths_first -Wl,-headerpad_max_install_names  -framework OpenGL -framework SDL2 -framework SDL2_image /usr/local/lib/libboost_system.dylib /usr/local/lib/libboost_filesystem.dylib";
                            OTHER_REZFLAGS = "";
                            PRODUCT_NAME = Magnate;
                            SECTORDER_FLAGS = "";
                            SYMROOT = /Users/Brian/Dropbox/Magnate/xcodeBuild;
                            USE_HEADERMAP = NO;
                            WARNING_CFLAGS = ("-Wmost", "-Wno-four-char-constants", "-Wno-unknown-pragmas", );
                     };
                     name = Release;
              };
              B5A685BB711C429A9C8876B2 /* MinSizeRel */ = {
                     isa = XCBuildConfiguration;
                     buildSettings = {
                            COMBINE_HIDPI_IMAGES = YES;
                            EXECUTABLE_PREFIX = "";
                            EXECUTABLE_SUFFIX = "";
                            FRAMEWORK_SEARCH_PATHS = (/Library/Frameworks, );
                            GCC_GENERATE_DEBUGGING_SYMBOLS = NO;
                            GCC_INLINES_ARE_PRIVATE_EXTERN = NO;
                            GCC_OPTIMIZATION_LEVEL = s;
                            GCC_PREPROCESSOR_DEFINITIONS = ("'CMAKE_INTDIR=\"$(CONFIGURATION)$(EFFECTIVE_PLATFORM_NAME)\"'", );
                            GCC_SYMBOLS_PRIVATE_EXTERN = NO;
                            HEADER_SEARCH_PATHS = (/usr/local/include, /Users/Brian/Dropbox/Magnate/include, );
                            INSTALL_PATH = "";
                            LD_RUNPATH_SEARCH_PATHS = /Library/Frameworks;
                            LIBRARY_SEARCH_PATHS = "";
                            OTHER_CFLAGS = "    -DNDEBUG  ";
                            OTHER_CPLUSPLUSFLAGS = " -std=c++11     -Wall -Dgdb -I/System/Library/Frameworks/OpenGL.framework/Headers -I/Library/Frameworks/SDL2.framework/Headers -I/Library/Frameworks/SDL2_image.framework/Headers -I/Library/Frameworks/SDL2_ttf.framework/Headers -I/usr/local/include/glm     -DNDEBUG  ";
                            OTHER_LDFLAGS = "  -Wl,-search_paths_first -Wl,-headerpad_max_install_names  -framework OpenGL -framework SDL2 -framework SDL2_image /usr/local/lib/libboost_system.dylib /usr/local/lib/libboost_filesystem.dylib";
                            OTHER_REZFLAGS = "";
                            PRODUCT_NAME = Magnate;
                            SECTORDER_FLAGS = "";
                            SYMROOT = /Users/Brian/Dropbox/Magnate/xcodeBuild;
                            USE_HEADERMAP = NO;
                            WARNING_CFLAGS = ("-Wmost", "-Wno-four-char-constants", "-Wno-unknown-pragmas", );
                     };
                     name = MinSizeRel;
              };
              B373A45975C9496ABE6915F4 /* RelWithDebInfo */ = {
                     isa = XCBuildConfiguration;
                     buildSettings = {
                            COMBINE_HIDPI_IMAGES = YES;
                            EXECUTABLE_PREFIX = "";
                            EXECUTABLE_SUFFIX = "";
                            FRAMEWORK_SEARCH_PATHS = (/Library/Frameworks, );
                            GCC_GENERATE_DEBUGGING_SYMBOLS = YES;
                            GCC_INLINES_ARE_PRIVATE_EXTERN = NO;
                            GCC_OPTIMIZATION_LEVEL = 2;
                            GCC_PREPROCESSOR_DEFINITIONS = ("'CMAKE_INTDIR=\"$(CONFIGURATION)$(EFFECTIVE_PLATFORM_NAME)\"'", );
                            GCC_SYMBOLS_PRIVATE_EXTERN = NO;
                            HEADER_SEARCH_PATHS = (/usr/local/include, /Users/Brian/Dropbox/Magnate/include, );
                            INSTALL_PATH = "";
                            LD_RUNPATH_SEARCH_PATHS = /Library/Frameworks;
                            LIBRARY_SEARCH_PATHS = "";
                            OTHER_CFLAGS = "       -DNDEBUG  ";
                            OTHER_CPLUSPLUSFLAGS = " -std=c++11     -Wall -Dgdb -I/System/Library/Frameworks/OpenGL.framework/Headers -I/Library/Frameworks/SDL2.framework/Headers -I/Library/Frameworks/SDL2_image.framework/Headers -I/Library/Frameworks/SDL2_ttf.framework/Headers -I/usr/local/include/glm        -DNDEBUG  ";
                            OTHER_LDFLAGS = "  -Wl,-search_paths_first -Wl,-headerpad_max_install_names  -framework OpenGL -framework SDL2 -framework SDL2_image /usr/local/lib/libboost_system.dylib /usr/local/lib/libboost_filesystem.dylib";
                            OTHER_REZFLAGS = "";
                            PRODUCT_NAME = Magnate;
                            SECTORDER_FLAGS = "";
                            SYMROOT = /Users/Brian/Dropbox/Magnate/xcodeBuild;
                            USE_HEADERMAP = NO;
                            WARNING_CFLAGS = ("-Wmost", "-Wno-four-char-constants", "-Wno-unknown-pragmas", );
                     };
                     name = RelWithDebInfo;
              };
              871A68B3A3044AD9A0821E9B /* Debug */ = {
                     isa = XCBuildConfiguration;
                     buildSettings = {
                            COMBINE_HIDPI_IMAGES = YES;
                            GCC_GENERATE_DEBUGGING_SYMBOLS = NO;
                            GCC_INLINES_ARE_PRIVATE_EXTERN = NO;
                            GCC_OPTIMIZATION_LEVEL = 0;
                            GCC_PREPROCESSOR_DEFINITIONS = ("'CMAKE_INTDIR=\"$(CONFIGURATION)$(EFFECTIVE_PLATFORM_NAME)\"'", );
                            GCC_SYMBOLS_PRIVATE_EXTERN = NO;
                            HEADER_SEARCH_PATHS = (/usr/local/include, /Users/Brian/Dropbox/Magnate/include, );
                            INSTALL_PATH = "";
                            OTHER_CFLAGS = "  ";
                            OTHER_LDFLAGS = " ";
                            OTHER_REZFLAGS = "";
                            PRODUCT_NAME = ZERO_CHECK;
                            SECTORDER_FLAGS = "";
                            SYMROOT = /Users/Brian/Dropbox/Magnate/xcodeBuild;
                            USE_HEADERMAP = NO;
                            WARNING_CFLAGS = ("-Wmost", "-Wno-four-char-constants", "-Wno-unknown-pragmas", );
                     };
                     name = Debug;
              };
              7C740DDFE4654C7BA250B99A /* Release */ = {
                     isa = XCBuildConfiguration;
                     buildSettings = {
                            COMBINE_HIDPI_IMAGES = YES;
                            GCC_GENERATE_DEBUGGING_SYMBOLS = NO;
                            GCC_INLINES_ARE_PRIVATE_EXTERN = NO;
                            GCC_OPTIMIZATION_LEVEL = 0;
                            GCC_PREPROCESSOR_DEFINITIONS = ("'CMAKE_INTDIR=\"$(CONFIGURATION)$(EFFECTIVE_PLATFORM_NAME)\"'", );
                            GCC_SYMBOLS_PRIVATE_EXTERN = NO;
                            HEADER_SEARCH_PATHS = (/usr/local/include, /Users/Brian/Dropbox/Magnate/include, );
                            INSTALL_PATH = "";
                            OTHER_CFLAGS = "  ";
                            OTHER_LDFLAGS = " ";
                            OTHER_REZFLAGS = "";
                            PRODUCT_NAME = ZERO_CHECK;
                            SECTORDER_FLAGS = "";
                            SYMROOT = /Users/Brian/Dropbox/Magnate/xcodeBuild;
                            USE_HEADERMAP = NO;
                            WARNING_CFLAGS = ("-Wmost", "-Wno-four-char-constants", "-Wno-unknown-pragmas", );
                     };
                     name = Release;
              };
              BC6163137A854D94BA791538 /* MinSizeRel */ = {
                     isa = XCBuildConfiguration;
                     buildSettings = {
                            COMBINE_HIDPI_IMAGES = YES;
                            GCC_GENERATE_DEBUGGING_SYMBOLS = NO;
                            GCC_INLINES_ARE_PRIVATE_EXTERN = NO;
                            GCC_OPTIMIZATION_LEVEL = 0;
                            GCC_PREPROCESSOR_DEFINITIONS = ("'CMAKE_INTDIR=\"$(CONFIGURATION)$(EFFECTIVE_PLATFORM_NAME)\"'", );
                            GCC_SYMBOLS_PRIVATE_EXTERN = NO;
                            HEADER_SEARCH_PATHS = (/usr/local/include, /Users/Brian/Dropbox/Magnate/include, );
                            INSTALL_PATH = "";
                            OTHER_CFLAGS = "  ";
                            OTHER_LDFLAGS = " ";
                            OTHER_REZFLAGS = "";
                            PRODUCT_NAME = ZERO_CHECK;
                            SECTORDER_FLAGS = "";
                            SYMROOT = /Users/Brian/Dropbox/Magnate/xcodeBuild;
                            USE_HEADERMAP = NO;
                            WARNING_CFLAGS = ("-Wmost", "-Wno-four-char-constants", "-Wno-unknown-pragmas", );
                     };
                     name = MinSizeRel;
              };
              37E72B998FD14102A9E14506 /* RelWithDebInfo */ = {
                     isa = XCBuildConfiguration;
                     buildSettings = {
                            COMBINE_HIDPI_IMAGES = YES;
                            GCC_GENERATE_DEBUGGING_SYMBOLS = NO;
                            GCC_INLINES_ARE_PRIVATE_EXTERN = NO;
                            GCC_OPTIMIZATION_LEVEL = 0;
                            GCC_PREPROCESSOR_DEFINITIONS = ("'CMAKE_INTDIR=\"$(CONFIGURATION)$(EFFECTIVE_PLATFORM_NAME)\"'", );
                            GCC_SYMBOLS_PRIVATE_EXTERN = NO;
                            HEADER_SEARCH_PATHS = (/usr/local/include, /Users/Brian/Dropbox/Magnate/include, );
                            INSTALL_PATH = "";
                            OTHER_CFLAGS = "  ";
                            OTHER_LDFLAGS = " ";
                            OTHER_REZFLAGS = "";
                            PRODUCT_NAME = ZERO_CHECK;
                            SECTORDER_FLAGS = "";
                            SYMROOT = /Users/Brian/Dropbox/Magnate/xcodeBuild;
                            USE_HEADERMAP = NO;
                            WARNING_CFLAGS = ("-Wmost", "-Wno-four-char-constants", "-Wno-unknown-pragmas", );
                     };
                     name = RelWithDebInfo;
              };
/* End XCBuildConfiguration section */

/* Begin XCConfigurationList section */
              73026F44E800478F98826629 /* Build configuration list for PBXProject  "Magnate" */ = {
                     isa = XCConfigurationList;
                     buildConfigurations = (
                            BAD09C2219C341DC821558E8 /* Debug */,
                            7B14901C2A9944B9AB3A6B2E /* Release */,
                            05E9D62425E5422BBA65968E /* MinSizeRel */,
                            6EAF4CACC6E54CCEBA4067BD /* RelWithDebInfo */,
                     );
                     defaultConfigurationIsVisible = 0;
                     defaultConfigurationName = Debug;
              };
              251802DE97764B07B525EF38 /* Build configuration list for PBXAggregateTarget "ALL_BUILD" */ = {
                     isa = XCConfigurationList;
                     buildConfigurations = (
                            06DEA2FD81194B7C8F3CCD2C /* Debug */,
                            D0E27FF3C44B42C28F169CF2 /* Release */,
                            39F62EF628924AD7AF5B6685 /* MinSizeRel */,
                            6AF32058C13F4C5AACEC8151 /* RelWithDebInfo */,
                     );
                     defaultConfigurationIsVisible = 0;
                     defaultConfigurationName = Debug;
              };
              D82ACFF0387E46678A34069A /* Build configuration list for PBXNativeTarget "Magnate" */ = {
                     isa = XCConfigurationList;
                     buildConfigurations = (
                            893CB5A28E3143D4BF93FF3E /* Debug */,
                            0948601C418841BC92A65369 /* Release */,
                            B5A685BB711C429A9C8876B2 /* MinSizeRel */,
                            B373A45975C9496ABE6915F4 /* RelWithDebInfo */,
                     );
                     defaultConfigurationIsVisible = 0;
                     defaultConfigurationName = Debug;
              };
              1D1C0797B072464C9C33D5AC /* Build configuration list for PBXAggregateTarget "ZERO_CHECK" */ = {
                     isa = XCConfigurationList;
                     buildConfigurations = (
                            871A68B3A3044AD9A0821E9B /* Debug */,
                            7C740DDFE4654C7BA250B99A /* Release */,
                            BC6163137A854D94BA791538 /* MinSizeRel */,
                            37E72B998FD14102A9E14506 /* RelWithDebInfo */,
                     );
                     defaultConfigurationIsVisible = 0;
                     defaultConfigurationName = Debug;
              };
/* End XCConfigurationList section */
       };
       rootObject = AE1800FB659F4B87A0ECE084;
}
